PODS:
  - Alamofire (2.0.0)
  - HanekeSwift (0.10.0)
  - Just (0.3)
  - Nuke (0.3.0):
    - Nuke/Core (= 0.3.0)
    - Nuke/UI (= 0.3.0)
  - Nuke/Core (0.3.0)
  - Nuke/UI (0.3.0):
    - Nuke/Core
  - SnapKit (0.15.0)
  - sqlite3 (3.8.11.1):
    - sqlite3/common (= 3.8.11.1)
  - sqlite3/common (3.8.11.1)
  - Toucan (0.4.3)
  - VK-ios-sdk (1.2.2)
  - XCGLogger (3.0)

DEPENDENCIES:
  - Alamofire
  - HanekeSwift (from `https://github.com/meteochu/HanekeSwift.git`)
  - Just
  - Nuke
  - SnapKit
  - sqlite3
  - Toucan
  - VK-ios-sdk
  - XCGLogger (from `https://github.com/DaveWoodCom/XCGLogger.git`, branch `swift_2.0`)

EXTERNAL SOURCES:
  HanekeSwift:
    :git: https://github.com/meteochu/HanekeSwift.git
  XCGLogger:
    :branch: swift_2.0
    :git: https://github.com/DaveWoodCom/XCGLogger.git

CHECKOUT OPTIONS:
  HanekeSwift:
    :commit: b227e3854c6f5d1e83226a3ee9e0dfcc5560618c
    :git: https://github.com/meteochu/HanekeSwift.git
  XCGLogger:
    :commit: ef13e8fb1c5c8b155c8a96af2a397270f2812c9c
    :git: https://github.com/DaveWoodCom/XCGLogger.git

SPEC CHECKSUMS:
  Alamofire: 2f13548b29d25a58ecd91c9225fb51493e2b782b
  HanekeSwift: d6f5bdf9dbdbbc09d59623b2c1d533e46463dd4d
  Just: 92ea3e45a3d22e6f4ef9dd223192111f23096e98
  Nuke: 2ead90818f751b9d7b796ce134fc047bbb94167e
  SnapKit: 4962eed2ee18e48cbd2b2292fffc57efe7235f87
  sqlite3: 73d6ec33f24f74ceb91df8f1b6e1809251f0f580
  Toucan: 3e2319c8fb9c7a2fb9c30f6d4ecdc6b8a2f1c92b
  VK-ios-sdk: f4b7df0d4e277e06d60fef6dc472be4260eeda6d
  XCGLogger: 5802533aff8bafc8b3b9776ab8972576f31d0a4e

PODFILE CHECKSUM: 8a93abfd354c8f5185004b39dc7e3f10f3fa86fc

COCOAPODS: 1.0.0.beta.1
