// !$*UTF8*$!
{
	archiveVersion = 1;
	classes = {
	};
	objectVersion = 46;
	objects = {

/* Begin PBXBuildFile section */
		1523C6B11BAF56B600272C12 /* HRSettingsController.swift in Sources */ = {isa = PBXBuildFile; fileRef = 1523C6B01BAF56B600272C12 /* HRSettingsController.swift */; settings = {ASSET_TAGS = (); }; };
		156813161BA6CCF30019C118 /* HRDownloadedCell.swift in Sources */ = {isa = PBXBuildFile; fileRef = 156813151BA6CCF30019C118 /* HRDownloadedCell.swift */; settings = {ASSET_TAGS = (); }; };
		1577BD5F1BA68453005E14DC /* HRDownloadManager.swift in Sources */ = {isa = PBXBuildFile; fileRef = 1577BD5E1BA68453005E14DC /* HRDownloadManager.swift */; settings = {ASSET_TAGS = (); }; };
		15A93BB31BB8AB2500455D54 /* HRGroupAudioController.swift in Sources */ = {isa = PBXBuildFile; fileRef = 15A93BB21BB8AB2500455D54 /* HRGroupAudioController.swift */; settings = {ASSET_TAGS = (); }; };
		15A93BB51BB8AB5D00455D54 /* HRGroupAudioCell.swift in Sources */ = {isa = PBXBuildFile; fileRef = 15A93BB41BB8AB5D00455D54 /* HRGroupAudioCell.swift */; settings = {ASSET_TAGS = (); }; };
		15AC8D021BB131180050827C /* HRFriendsController.swift in Sources */ = {isa = PBXBuildFile; fileRef = 15AC8D011BB131180050827C /* HRFriendsController.swift */; settings = {ASSET_TAGS = (); }; };
		15AC8D051BB1313B0050827C /* HRFriendsCell.swift in Sources */ = {isa = PBXBuildFile; fileRef = 15AC8D041BB1313B0050827C /* HRFriendsCell.swift */; settings = {ASSET_TAGS = (); }; };
		15AC8D071BB132A60050827C /* HRFriendModel.swift in Sources */ = {isa = PBXBuildFile; fileRef = 15AC8D061BB132A60050827C /* HRFriendModel.swift */; settings = {ASSET_TAGS = (); }; };
		15AC8D0A1BB13CDF0050827C /* HRFriendAudioController.swift in Sources */ = {isa = PBXBuildFile; fileRef = 15AC8D091BB13CDF0050827C /* HRFriendAudioController.swift */; settings = {ASSET_TAGS = (); }; };
		15AC8D0C1BB13D360050827C /* HRFriendAudioCell.swift in Sources */ = {isa = PBXBuildFile; fileRef = 15AC8D0B1BB13D360050827C /* HRFriendAudioCell.swift */; settings = {ASSET_TAGS = (); }; };
		15AC8D0E1BB18F480050827C /* HRFooterProgress.swift in Sources */ = {isa = PBXBuildFile; fileRef = 15AC8D0D1BB18F480050827C /* HRFooterProgress.swift */; settings = {ASSET_TAGS = (); }; };
		15AC8D101BB18FA80050827C /* HRSearchAudioController.swift in Sources */ = {isa = PBXBuildFile; fileRef = 15AC8D0F1BB18FA80050827C /* HRSearchAudioController.swift */; settings = {ASSET_TAGS = (); }; };
		15AC8D121BB1931F0050827C /* HRAudioSearchCell.swift in Sources */ = {isa = PBXBuildFile; fileRef = 15AC8D111BB1931F0050827C /* HRAudioSearchCell.swift */; settings = {ASSET_TAGS = (); }; };
		15AC8D151BB1E53F0050827C /* HRGroupsController.swift in Sources */ = {isa = PBXBuildFile; fileRef = 15AC8D141BB1E53F0050827C /* HRGroupsController.swift */; settings = {ASSET_TAGS = (); }; };
		15AC8D1A1BB1F79F0050827C /* HRGroupCell.swift in Sources */ = {isa = PBXBuildFile; fileRef = 15AC8D191BB1F79F0050827C /* HRGroupCell.swift */; settings = {ASSET_TAGS = (); }; };
		15AC8D1C1BB1F7E50050827C /* HRGroupModel.swift in Sources */ = {isa = PBXBuildFile; fileRef = 15AC8D1B1BB1F7E50050827C /* HRGroupModel.swift */; settings = {ASSET_TAGS = (); }; };
		15BEC4F71BB2207C00956332 /* Collections+Ext.swift in Sources */ = {isa = PBXBuildFile; fileRef = 15BEC4F61BB2207C00956332 /* Collections+Ext.swift */; settings = {ASSET_TAGS = (); }; };
		15BEC4F91BB2EA7900956332 /* AttributedLabel.swift in Sources */ = {isa = PBXBuildFile; fileRef = 15BEC4F81BB2EA7900956332 /* AttributedLabel.swift */; settings = {ASSET_TAGS = (); }; };
		649E73E547A8DD95524F7A01 /* Pods_Hydra.framework in Frameworks */ = {isa = PBXBuildFile; fileRef = 8CE20EA940EC7896FD7A41B8 /* Pods_Hydra.framework */; settings = {ATTRIBUTES = (Weak, ); }; };
		D76E93851B47E7FC00F4834D /* VKSdk.framework in Frameworks */ = {isa = PBXBuildFile; fileRef = D76E93831B47E7FC00F4834D /* VKSdk.framework */; };
		D76E93861B47E7FC00F4834D /* VKSdkResources.bundle in Resources */ = {isa = PBXBuildFile; fileRef = D76E93841B47E7FC00F4834D /* VKSdkResources.bundle */; };
		D76E93881B47E99E00F4834D /* HRDatabaseManager.swift in Sources */ = {isa = PBXBuildFile; fileRef = D76E93871B47E99E00F4834D /* HRDatabaseManager.swift */; };
		D76E938A1B47F0A400F4834D /* HRAudioItemModel.swift in Sources */ = {isa = PBXBuildFile; fileRef = D76E93891B47F0A400F4834D /* HRAudioItemModel.swift */; };
		D76E93901B47FF1200F4834D /* dispatch.swift in Sources */ = {isa = PBXBuildFile; fileRef = D76E938F1B47FF1200F4834D /* dispatch.swift */; };
		D76E93991B48081A00F4834D /* HRPlayerManager.swift in Sources */ = {isa = PBXBuildFile; fileRef = D76E93981B48081A00F4834D /* HRPlayerManager.swift */; };
		D76E93B01B480FEB00F4834D /* MediaPlayer.framework in Frameworks */ = {isa = PBXBuildFile; fileRef = D76E93AF1B480FEB00F4834D /* MediaPlayer.framework */; };
		D76E93B21B480FF100F4834D /* AudioToolbox.framework in Frameworks */ = {isa = PBXBuildFile; fileRef = D76E93B11B480FF100F4834D /* AudioToolbox.framework */; };
		D76E93B41B480FF900F4834D /* AVFoundation.framework in Frameworks */ = {isa = PBXBuildFile; fileRef = D76E93B31B480FF900F4834D /* AVFoundation.framework */; };
		D76E93C01B4815D300F4834D /* AFSoundPlayback.m in Sources */ = {isa = PBXBuildFile; fileRef = D76E93B71B4815D300F4834D /* AFSoundPlayback.m */; };
		D76E93C11B4815D300F4834D /* AFSoundItem.m in Sources */ = {isa = PBXBuildFile; fileRef = D76E93B91B4815D300F4834D /* AFSoundItem.m */; };
		D76E93C21B4815D300F4834D /* AFSoundQueue.m in Sources */ = {isa = PBXBuildFile; fileRef = D76E93BB1B4815D300F4834D /* AFSoundQueue.m */; };
		D76E93C31B4815D300F4834D /* AFSoundRecord.m in Sources */ = {isa = PBXBuildFile; fileRef = D76E93BD1B4815D300F4834D /* AFSoundRecord.m */; };
		D76E93C41B4815D300F4834D /* NSTimer+AFSoundManager.m in Sources */ = {isa = PBXBuildFile; fileRef = D76E93BF1B4815D300F4834D /* NSTimer+AFSoundManager.m */; };
		D76E93C61B48228200F4834D /* HRAllMusicCell.swift in Sources */ = {isa = PBXBuildFile; fileRef = D76E93C51B48228200F4834D /* HRAllMusicCell.swift */; };
		D76E93CA1B48645000F4834D /* ItunesSearch.m in Sources */ = {isa = PBXBuildFile; fileRef = D76E93C91B48645000F4834D /* ItunesSearch.m */; };
		D76E93D01B48873E00F4834D /* MGSwipeButton.m in Sources */ = {isa = PBXBuildFile; fileRef = D76E93CD1B48873E00F4834D /* MGSwipeButton.m */; };
		D76E93D11B48873E00F4834D /* MGSwipeTableCell.m in Sources */ = {isa = PBXBuildFile; fileRef = D76E93CF1B48873E00F4834D /* MGSwipeTableCell.m */; };
		D775548C1B43A546008779C1 /* AuthController.swift in Sources */ = {isa = PBXBuildFile; fileRef = D775548B1B43A546008779C1 /* AuthController.swift */; };
		D775548E1B43A554008779C1 /* MenuController.swift in Sources */ = {isa = PBXBuildFile; fileRef = D775548D1B43A554008779C1 /* MenuController.swift */; };
		D77554901B43A563008779C1 /* AllMusicController.swift in Sources */ = {isa = PBXBuildFile; fileRef = D775548F1B43A563008779C1 /* AllMusicController.swift */; };
		D77554921B43A572008779C1 /* PlayerController.swift in Sources */ = {isa = PBXBuildFile; fileRef = D77554911B43A572008779C1 /* PlayerController.swift */; };
		D77554941B43A581008779C1 /* DownloadsController.swift in Sources */ = {isa = PBXBuildFile; fileRef = D77554931B43A581008779C1 /* DownloadsController.swift */; };
		D77554961B43A58F008779C1 /* SettingsController.swift in Sources */ = {isa = PBXBuildFile; fileRef = D77554951B43A58F008779C1 /* SettingsController.swift */; };
		D77554A21B43A6E8008779C1 /* SwiftyUserDefaults.swift in Sources */ = {isa = PBXBuildFile; fileRef = D77554A11B43A6E8008779C1 /* SwiftyUserDefaults.swift */; };
		D77554B31B43A721008779C1 /* BufferedNavigationController.m in Sources */ = {isa = PBXBuildFile; fileRef = D77554B21B43A721008779C1 /* BufferedNavigationController.m */; };
		D77554D61B43A92A008779C1 /* HRConstants.swift in Sources */ = {isa = PBXBuildFile; fileRef = D77554D51B43A92A008779C1 /* HRConstants.swift */; };
		D77554D81B43A957008779C1 /* HRAPIManager.swift in Sources */ = {isa = PBXBuildFile; fileRef = D77554D71B43A957008779C1 /* HRAPIManager.swift */; };
		D77554DB1B43A97E008779C1 /* HRInterfaceManager.swift in Sources */ = {isa = PBXBuildFile; fileRef = D77554DA1B43A97E008779C1 /* HRInterfaceManager.swift */; };
		D77554DE1B43AA8F008779C1 /* HRNavigationController.swift in Sources */ = {isa = PBXBuildFile; fileRef = D77554DD1B43AA8F008779C1 /* HRNavigationController.swift */; };
		D77E8AD11B6EBFBA00AD31DF /* UIImage+Ext.swift in Sources */ = {isa = PBXBuildFile; fileRef = D77E8AD01B6EBFBA00AD31DF /* UIImage+Ext.swift */; };
		D77E8AD31B6ED26A00AD31DF /* HRAlbumModel.swift in Sources */ = {isa = PBXBuildFile; fileRef = D77E8AD21B6ED26A00AD31DF /* HRAlbumModel.swift */; };
		D77E8AD51B6ED2D300AD31DF /* HRPlaylistCell.swift in Sources */ = {isa = PBXBuildFile; fileRef = D77E8AD41B6ED2D300AD31DF /* HRPlaylistCell.swift */; };
		D77E8AD71B6ED67C00AD31DF /* HRInPlaylistController.swift in Sources */ = {isa = PBXBuildFile; fileRef = D77E8AD61B6ED67C00AD31DF /* HRInPlaylistController.swift */; };
		D7A64AEB1B6DB920000FE8A8 /* FMDatabase+FTS3.m in Sources */ = {isa = PBXBuildFile; fileRef = D7A64AE71B6DB920000FE8A8 /* FMDatabase+FTS3.m */; };
		D7A64AEC1B6DB920000FE8A8 /* FMTokenizers.m in Sources */ = {isa = PBXBuildFile; fileRef = D7A64AE91B6DB920000FE8A8 /* FMTokenizers.m */; };
		D7A64AEF1B6DB92A000FE8A8 /* FMDatabase+InMemoryOnDiskIO.m in Sources */ = {isa = PBXBuildFile; fileRef = D7A64AEE1B6DB92A000FE8A8 /* FMDatabase+InMemoryOnDiskIO.m */; };
		D7A64AF21B6DB931000FE8A8 /* FMDatabaseAdditionsVariadic.swift in Sources */ = {isa = PBXBuildFile; fileRef = D7A64AF01B6DB931000FE8A8 /* FMDatabaseAdditionsVariadic.swift */; };
		D7A64AF31B6DB931000FE8A8 /* FMDatabaseVariadic.swift in Sources */ = {isa = PBXBuildFile; fileRef = D7A64AF11B6DB931000FE8A8 /* FMDatabaseVariadic.swift */; };
		D7A64AFF1B6DB93A000FE8A8 /* FMDatabase.m in Sources */ = {isa = PBXBuildFile; fileRef = D7A64AF51B6DB93A000FE8A8 /* FMDatabase.m */; };
		D7A64B001B6DB93A000FE8A8 /* FMDatabaseAdditions.m in Sources */ = {isa = PBXBuildFile; fileRef = D7A64AF71B6DB93A000FE8A8 /* FMDatabaseAdditions.m */; };
		D7A64B011B6DB93A000FE8A8 /* FMDatabasePool.m in Sources */ = {isa = PBXBuildFile; fileRef = D7A64AF91B6DB93A000FE8A8 /* FMDatabasePool.m */; };
		D7A64B021B6DB93A000FE8A8 /* FMDatabaseQueue.m in Sources */ = {isa = PBXBuildFile; fileRef = D7A64AFB1B6DB93A000FE8A8 /* FMDatabaseQueue.m */; };
		D7A64B031B6DB93A000FE8A8 /* FMResultSet.m in Sources */ = {isa = PBXBuildFile; fileRef = D7A64AFE1B6DB93A000FE8A8 /* FMResultSet.m */; };
		D7A64B061B6E00FB000FE8A8 /* MarqueeLabel.m in Sources */ = {isa = PBXBuildFile; fileRef = D7A64B051B6E00FB000FE8A8 /* MarqueeLabel.m */; };
		D7A64B091B6E0637000FE8A8 /* HRPlaylistsController.swift in Sources */ = {isa = PBXBuildFile; fileRef = D7A64B081B6E0637000FE8A8 /* HRPlaylistsController.swift */; };
		D7A64B0C1B6EA395000FE8A8 /* HRCurrentUserModel.swift in Sources */ = {isa = PBXBuildFile; fileRef = D7A64B0B1B6EA395000FE8A8 /* HRCurrentUserModel.swift */; };
		D7A64B0F1B6EA983000FE8A8 /* HRDataManager.swift in Sources */ = {isa = PBXBuildFile; fileRef = D7A64B0E1B6EA983000FE8A8 /* HRDataManager.swift */; };
		D7ED33561B52D49E0068FF4E /* SwiftyJSON.swift in Sources */ = {isa = PBXBuildFile; fileRef = D7ED33551B52D49E0068FF4E /* SwiftyJSON.swift */; };
		D7ED335C1B52D4AD0068FF4E /* AnimatedMenuButton.swift in Sources */ = {isa = PBXBuildFile; fileRef = D7ED33571B52D4AD0068FF4E /* AnimatedMenuButton.swift */; };
		D7ED335D1B52D4AD0068FF4E /* DrawerBarButtonItem.swift in Sources */ = {isa = PBXBuildFile; fileRef = D7ED33581B52D4AD0068FF4E /* DrawerBarButtonItem.swift */; };
		D7ED335E1B52D4AD0068FF4E /* DrawerController.swift in Sources */ = {isa = PBXBuildFile; fileRef = D7ED335A1B52D4AD0068FF4E /* DrawerController.swift */; };
		D7ED335F1B52D4AD0068FF4E /* DrawerVisualState.swift in Sources */ = {isa = PBXBuildFile; fileRef = D7ED335B1B52D4AD0068FF4E /* DrawerVisualState.swift */; };
		D7ED33631B52D4BE0068FF4E /* HashMap.swift in Sources */ = {isa = PBXBuildFile; fileRef = D7ED33601B52D4BE0068FF4E /* HashMap.swift */; };
		D7ED33641B52D4BE0068FF4E /* SinglyLinkedList.swift in Sources */ = {isa = PBXBuildFile; fileRef = D7ED33611B52D4BE0068FF4E /* SinglyLinkedList.swift */; };
		D7ED33651B52D4BE0068FF4E /* SinglyNode.swift in Sources */ = {isa = PBXBuildFile; fileRef = D7ED33621B52D4BE0068FF4E /* SinglyNode.swift */; };
		D7ED33691B52F5860068FF4E /* HRMenuCell.swift in Sources */ = {isa = PBXBuildFile; fileRef = D7ED33681B52F5860068FF4E /* HRMenuCell.swift */; };
		D7ED336C1B531DAC0068FF4E /* COXSignal.swift in Sources */ = {isa = PBXBuildFile; fileRef = D7ED336B1B531DAC0068FF4E /* COXSignal.swift */; };
		D7F157E91B437D630023319E /* AppDelegate.swift in Sources */ = {isa = PBXBuildFile; fileRef = D7F157E81B437D630023319E /* AppDelegate.swift */; };
		D7F157EE1B437D630023319E /* Main.storyboard in Resources */ = {isa = PBXBuildFile; fileRef = D7F157EC1B437D630023319E /* Main.storyboard */; };
		D7F157F01B437D630023319E /* Images.xcassets in Resources */ = {isa = PBXBuildFile; fileRef = D7F157EF1B437D630023319E /* Images.xcassets */; };
		D7F157FF1B437D630023319E /* HydraTests.swift in Sources */ = {isa = PBXBuildFile; fileRef = D7F157FE1B437D630023319E /* HydraTests.swift */; };
/* End PBXBuildFile section */

/* Begin PBXContainerItemProxy section */
		D7F157F91B437D630023319E /* PBXContainerItemProxy */ = {
			isa = PBXContainerItemProxy;
			containerPortal = D7F157DB1B437D620023319E /* Project object */;
			proxyType = 1;
			remoteGlobalIDString = D7F157E21B437D620023319E;
			remoteInfo = Hydra;
		};
/* End PBXContainerItemProxy section */

/* Begin PBXFileReference section */
		1523C6B01BAF56B600272C12 /* HRSettingsController.swift */ = {isa = PBXFileReference; fileEncoding = 4; lastKnownFileType = sourcecode.swift; path = HRSettingsController.swift; sourceTree = "<group>"; };
		156813151BA6CCF30019C118 /* HRDownloadedCell.swift */ = {isa = PBXFileReference; fileEncoding = 4; lastKnownFileType = sourcecode.swift; path = HRDownloadedCell.swift; sourceTree = "<group>"; };
		1577BD5E1BA68453005E14DC /* HRDownloadManager.swift */ = {isa = PBXFileReference; fileEncoding = 4; lastKnownFileType = sourcecode.swift; path = HRDownloadManager.swift; sourceTree = "<group>"; };
		15A93BB21BB8AB2500455D54 /* HRGroupAudioController.swift */ = {isa = PBXFileReference; fileEncoding = 4; lastKnownFileType = sourcecode.swift; path = HRGroupAudioController.swift; sourceTree = "<group>"; };
		15A93BB41BB8AB5D00455D54 /* HRGroupAudioCell.swift */ = {isa = PBXFileReference; fileEncoding = 4; lastKnownFileType = sourcecode.swift; path = HRGroupAudioCell.swift; sourceTree = "<group>"; };
		15AC8D011BB131180050827C /* HRFriendsController.swift */ = {isa = PBXFileReference; fileEncoding = 4; lastKnownFileType = sourcecode.swift; path = HRFriendsController.swift; sourceTree = "<group>"; };
		15AC8D041BB1313B0050827C /* HRFriendsCell.swift */ = {isa = PBXFileReference; fileEncoding = 4; lastKnownFileType = sourcecode.swift; path = HRFriendsCell.swift; sourceTree = "<group>"; };
		15AC8D061BB132A60050827C /* HRFriendModel.swift */ = {isa = PBXFileReference; fileEncoding = 4; lastKnownFileType = sourcecode.swift; path = HRFriendModel.swift; sourceTree = "<group>"; };
		15AC8D091BB13CDF0050827C /* HRFriendAudioController.swift */ = {isa = PBXFileReference; fileEncoding = 4; lastKnownFileType = sourcecode.swift; path = HRFriendAudioController.swift; sourceTree = "<group>"; };
		15AC8D0B1BB13D360050827C /* HRFriendAudioCell.swift */ = {isa = PBXFileReference; fileEncoding = 4; lastKnownFileType = sourcecode.swift; path = HRFriendAudioCell.swift; sourceTree = "<group>"; };
		15AC8D0D1BB18F480050827C /* HRFooterProgress.swift */ = {isa = PBXFileReference; fileEncoding = 4; lastKnownFileType = sourcecode.swift; path = HRFooterProgress.swift; sourceTree = "<group>"; };
		15AC8D0F1BB18FA80050827C /* HRSearchAudioController.swift */ = {isa = PBXFileReference; fileEncoding = 4; lastKnownFileType = sourcecode.swift; path = HRSearchAudioController.swift; sourceTree = "<group>"; };
		15AC8D111BB1931F0050827C /* HRAudioSearchCell.swift */ = {isa = PBXFileReference; fileEncoding = 4; lastKnownFileType = sourcecode.swift; path = HRAudioSearchCell.swift; sourceTree = "<group>"; };
		15AC8D141BB1E53F0050827C /* HRGroupsController.swift */ = {isa = PBXFileReference; fileEncoding = 4; lastKnownFileType = sourcecode.swift; path = HRGroupsController.swift; sourceTree = "<group>"; };
		15AC8D191BB1F79F0050827C /* HRGroupCell.swift */ = {isa = PBXFileReference; fileEncoding = 4; lastKnownFileType = sourcecode.swift; path = HRGroupCell.swift; sourceTree = "<group>"; };
		15AC8D1B1BB1F7E50050827C /* HRGroupModel.swift */ = {isa = PBXFileReference; fileEncoding = 4; lastKnownFileType = sourcecode.swift; path = HRGroupModel.swift; sourceTree = "<group>"; };
		15BEC4F61BB2207C00956332 /* Collections+Ext.swift */ = {isa = PBXFileReference; fileEncoding = 4; lastKnownFileType = sourcecode.swift; path = "Collections+Ext.swift"; sourceTree = "<group>"; };
		15BEC4F81BB2EA7900956332 /* AttributedLabel.swift */ = {isa = PBXFileReference; fileEncoding = 4; lastKnownFileType = sourcecode.swift; path = AttributedLabel.swift; sourceTree = "<group>"; };
		8CE20EA940EC7896FD7A41B8 /* Pods_Hydra.framework */ = {isa = PBXFileReference; explicitFileType = wrapper.framework; includeInIndex = 0; path = Pods_Hydra.framework; sourceTree = BUILT_PRODUCTS_DIR; };
		951A50BF9B34515DEDB8EC4C /* Pods-Hydra.debug.xcconfig */ = {isa = PBXFileReference; includeInIndex = 1; lastKnownFileType = text.xcconfig; name = "Pods-Hydra.debug.xcconfig"; path = "Pods/Target Support Files/Pods-Hydra/Pods-Hydra.debug.xcconfig"; sourceTree = "<group>"; };
		D76E93831B47E7FC00F4834D /* VKSdk.framework */ = {isa = PBXFileReference; lastKnownFileType = wrapper.framework; path = VKSdk.framework; sourceTree = "<group>"; };
		D76E93841B47E7FC00F4834D /* VKSdkResources.bundle */ = {isa = PBXFileReference; lastKnownFileType = "wrapper.plug-in"; path = VKSdkResources.bundle; sourceTree = "<group>"; };
		D76E93871B47E99E00F4834D /* HRDatabaseManager.swift */ = {isa = PBXFileReference; fileEncoding = 4; lastKnownFileType = sourcecode.swift; path = HRDatabaseManager.swift; sourceTree = "<group>"; };
		D76E93891B47F0A400F4834D /* HRAudioItemModel.swift */ = {isa = PBXFileReference; fileEncoding = 4; lastKnownFileType = sourcecode.swift; path = HRAudioItemModel.swift; sourceTree = "<group>"; };
		D76E938F1B47FF1200F4834D /* dispatch.swift */ = {isa = PBXFileReference; fileEncoding = 4; lastKnownFileType = sourcecode.swift; path = dispatch.swift; sourceTree = "<group>"; };
		D76E93981B48081A00F4834D /* HRPlayerManager.swift */ = {isa = PBXFileReference; fileEncoding = 4; lastKnownFileType = sourcecode.swift; path = HRPlayerManager.swift; sourceTree = "<group>"; };
		D76E93AF1B480FEB00F4834D /* MediaPlayer.framework */ = {isa = PBXFileReference; lastKnownFileType = wrapper.framework; name = MediaPlayer.framework; path = System/Library/Frameworks/MediaPlayer.framework; sourceTree = SDKROOT; };
		D76E93B11B480FF100F4834D /* AudioToolbox.framework */ = {isa = PBXFileReference; lastKnownFileType = wrapper.framework; name = AudioToolbox.framework; path = System/Library/Frameworks/AudioToolbox.framework; sourceTree = SDKROOT; };
		D76E93B31B480FF900F4834D /* AVFoundation.framework */ = {isa = PBXFileReference; lastKnownFileType = wrapper.framework; name = AVFoundation.framework; path = System/Library/Frameworks/AVFoundation.framework; sourceTree = SDKROOT; };
		D76E93B51B4815D300F4834D /* AFSoundManager.h */ = {isa = PBXFileReference; fileEncoding = 4; lastKnownFileType = sourcecode.c.h; path = AFSoundManager.h; sourceTree = "<group>"; };
		D76E93B61B4815D300F4834D /* AFSoundPlayback.h */ = {isa = PBXFileReference; fileEncoding = 4; lastKnownFileType = sourcecode.c.h; path = AFSoundPlayback.h; sourceTree = "<group>"; };
		D76E93B71B4815D300F4834D /* AFSoundPlayback.m */ = {isa = PBXFileReference; fileEncoding = 4; lastKnownFileType = sourcecode.c.objc; path = AFSoundPlayback.m; sourceTree = "<group>"; };
		D76E93B81B4815D300F4834D /* AFSoundItem.h */ = {isa = PBXFileReference; fileEncoding = 4; lastKnownFileType = sourcecode.c.h; path = AFSoundItem.h; sourceTree = "<group>"; };
		D76E93B91B4815D300F4834D /* AFSoundItem.m */ = {isa = PBXFileReference; fileEncoding = 4; lastKnownFileType = sourcecode.c.objc; path = AFSoundItem.m; sourceTree = "<group>"; };
		D76E93BA1B4815D300F4834D /* AFSoundQueue.h */ = {isa = PBXFileReference; fileEncoding = 4; lastKnownFileType = sourcecode.c.h; path = AFSoundQueue.h; sourceTree = "<group>"; };
		D76E93BB1B4815D300F4834D /* AFSoundQueue.m */ = {isa = PBXFileReference; fileEncoding = 4; lastKnownFileType = sourcecode.c.objc; path = AFSoundQueue.m; sourceTree = "<group>"; };
		D76E93BC1B4815D300F4834D /* AFSoundRecord.h */ = {isa = PBXFileReference; fileEncoding = 4; lastKnownFileType = sourcecode.c.h; path = AFSoundRecord.h; sourceTree = "<group>"; };
		D76E93BD1B4815D300F4834D /* AFSoundRecord.m */ = {isa = PBXFileReference; fileEncoding = 4; lastKnownFileType = sourcecode.c.objc; path = AFSoundRecord.m; sourceTree = "<group>"; };
		D76E93BE1B4815D300F4834D /* NSTimer+AFSoundManager.h */ = {isa = PBXFileReference; fileEncoding = 4; lastKnownFileType = sourcecode.c.h; path = "NSTimer+AFSoundManager.h"; sourceTree = "<group>"; };
		D76E93BF1B4815D300F4834D /* NSTimer+AFSoundManager.m */ = {isa = PBXFileReference; fileEncoding = 4; lastKnownFileType = sourcecode.c.objc; path = "NSTimer+AFSoundManager.m"; sourceTree = "<group>"; };
		D76E93C51B48228200F4834D /* HRAllMusicCell.swift */ = {isa = PBXFileReference; fileEncoding = 4; lastKnownFileType = sourcecode.swift; path = HRAllMusicCell.swift; sourceTree = "<group>"; };
		D76E93C81B48645000F4834D /* ItunesSearch.h */ = {isa = PBXFileReference; fileEncoding = 4; lastKnownFileType = sourcecode.c.h; path = ItunesSearch.h; sourceTree = "<group>"; };
		D76E93C91B48645000F4834D /* ItunesSearch.m */ = {isa = PBXFileReference; fileEncoding = 4; lastKnownFileType = sourcecode.c.objc; path = ItunesSearch.m; sourceTree = "<group>"; };
		D76E93CC1B48873E00F4834D /* MGSwipeButton.h */ = {isa = PBXFileReference; fileEncoding = 4; lastKnownFileType = sourcecode.c.h; path = MGSwipeButton.h; sourceTree = "<group>"; };
		D76E93CD1B48873E00F4834D /* MGSwipeButton.m */ = {isa = PBXFileReference; fileEncoding = 4; lastKnownFileType = sourcecode.c.objc; path = MGSwipeButton.m; sourceTree = "<group>"; };
		D76E93CE1B48873E00F4834D /* MGSwipeTableCell.h */ = {isa = PBXFileReference; fileEncoding = 4; lastKnownFileType = sourcecode.c.h; path = MGSwipeTableCell.h; sourceTree = "<group>"; };
		D76E93CF1B48873E00F4834D /* MGSwipeTableCell.m */ = {isa = PBXFileReference; fileEncoding = 4; lastKnownFileType = sourcecode.c.objc; path = MGSwipeTableCell.m; sourceTree = "<group>"; };
		D775548B1B43A546008779C1 /* AuthController.swift */ = {isa = PBXFileReference; fileEncoding = 4; lastKnownFileType = sourcecode.swift; path = AuthController.swift; sourceTree = "<group>"; };
		D775548D1B43A554008779C1 /* MenuController.swift */ = {isa = PBXFileReference; fileEncoding = 4; lastKnownFileType = sourcecode.swift; path = MenuController.swift; sourceTree = "<group>"; };
		D775548F1B43A563008779C1 /* AllMusicController.swift */ = {isa = PBXFileReference; fileEncoding = 4; lastKnownFileType = sourcecode.swift; path = AllMusicController.swift; sourceTree = "<group>"; };
		D77554911B43A572008779C1 /* PlayerController.swift */ = {isa = PBXFileReference; fileEncoding = 4; lastKnownFileType = sourcecode.swift; path = PlayerController.swift; sourceTree = "<group>"; };
		D77554931B43A581008779C1 /* DownloadsController.swift */ = {isa = PBXFileReference; fileEncoding = 4; lastKnownFileType = sourcecode.swift; path = DownloadsController.swift; sourceTree = "<group>"; };
		D77554951B43A58F008779C1 /* SettingsController.swift */ = {isa = PBXFileReference; fileEncoding = 4; lastKnownFileType = sourcecode.swift; path = SettingsController.swift; sourceTree = "<group>"; };
		D77554A11B43A6E8008779C1 /* SwiftyUserDefaults.swift */ = {isa = PBXFileReference; fileEncoding = 4; lastKnownFileType = sourcecode.swift; path = SwiftyUserDefaults.swift; sourceTree = "<group>"; };
		D77554A41B43A705008779C1 /* Hydra-Bridging-Header.h */ = {isa = PBXFileReference; lastKnownFileType = sourcecode.c.h; path = "Hydra-Bridging-Header.h"; sourceTree = "<group>"; };
		D77554B11B43A721008779C1 /* BufferedNavigationController.h */ = {isa = PBXFileReference; fileEncoding = 4; lastKnownFileType = sourcecode.c.h; path = BufferedNavigationController.h; sourceTree = "<group>"; };
		D77554B21B43A721008779C1 /* BufferedNavigationController.m */ = {isa = PBXFileReference; fileEncoding = 4; lastKnownFileType = sourcecode.c.objc; path = BufferedNavigationController.m; sourceTree = "<group>"; };
		D77554D51B43A92A008779C1 /* HRConstants.swift */ = {isa = PBXFileReference; fileEncoding = 4; lastKnownFileType = sourcecode.swift; path = HRConstants.swift; sourceTree = "<group>"; };
		D77554D71B43A957008779C1 /* HRAPIManager.swift */ = {isa = PBXFileReference; fileEncoding = 4; lastKnownFileType = sourcecode.swift; path = HRAPIManager.swift; sourceTree = "<group>"; };
		D77554DA1B43A97E008779C1 /* HRInterfaceManager.swift */ = {isa = PBXFileReference; fileEncoding = 4; lastKnownFileType = sourcecode.swift; path = HRInterfaceManager.swift; sourceTree = "<group>"; };
		D77554DD1B43AA8F008779C1 /* HRNavigationController.swift */ = {isa = PBXFileReference; fileEncoding = 4; lastKnownFileType = sourcecode.swift; path = HRNavigationController.swift; sourceTree = "<group>"; };
		D77554DF1B43ABBE008779C1 /* libsqlite3.dylib */ = {isa = PBXFileReference; lastKnownFileType = "compiled.mach-o.dylib"; name = libsqlite3.dylib; path = usr/lib/libsqlite3.dylib; sourceTree = SDKROOT; };
		D77E8AD01B6EBFBA00AD31DF /* UIImage+Ext.swift */ = {isa = PBXFileReference; fileEncoding = 4; lastKnownFileType = sourcecode.swift; path = "UIImage+Ext.swift"; sourceTree = "<group>"; };
		D77E8AD21B6ED26A00AD31DF /* HRAlbumModel.swift */ = {isa = PBXFileReference; fileEncoding = 4; lastKnownFileType = sourcecode.swift; path = HRAlbumModel.swift; sourceTree = "<group>"; };
		D77E8AD41B6ED2D300AD31DF /* HRPlaylistCell.swift */ = {isa = PBXFileReference; fileEncoding = 4; lastKnownFileType = sourcecode.swift; path = HRPlaylistCell.swift; sourceTree = "<group>"; };
		D77E8AD61B6ED67C00AD31DF /* HRInPlaylistController.swift */ = {isa = PBXFileReference; fileEncoding = 4; lastKnownFileType = sourcecode.swift; path = HRInPlaylistController.swift; sourceTree = "<group>"; };
		D7A64AE61B6DB91F000FE8A8 /* FMDatabase+FTS3.h */ = {isa = PBXFileReference; fileEncoding = 4; lastKnownFileType = sourcecode.c.h; path = "FMDatabase+FTS3.h"; sourceTree = "<group>"; };
		D7A64AE71B6DB920000FE8A8 /* FMDatabase+FTS3.m */ = {isa = PBXFileReference; fileEncoding = 4; lastKnownFileType = sourcecode.c.objc; path = "FMDatabase+FTS3.m"; sourceTree = "<group>"; };
		D7A64AE81B6DB920000FE8A8 /* FMTokenizers.h */ = {isa = PBXFileReference; fileEncoding = 4; lastKnownFileType = sourcecode.c.h; path = FMTokenizers.h; sourceTree = "<group>"; };
		D7A64AE91B6DB920000FE8A8 /* FMTokenizers.m */ = {isa = PBXFileReference; fileEncoding = 4; lastKnownFileType = sourcecode.c.objc; path = FMTokenizers.m; sourceTree = "<group>"; };
		D7A64AEA1B6DB920000FE8A8 /* fts3_tokenizer.h */ = {isa = PBXFileReference; fileEncoding = 4; lastKnownFileType = sourcecode.c.h; path = fts3_tokenizer.h; sourceTree = "<group>"; };
		D7A64AED1B6DB92A000FE8A8 /* FMDatabase+InMemoryOnDiskIO.h */ = {isa = PBXFileReference; fileEncoding = 4; lastKnownFileType = sourcecode.c.h; path = "FMDatabase+InMemoryOnDiskIO.h"; sourceTree = "<group>"; };
		D7A64AEE1B6DB92A000FE8A8 /* FMDatabase+InMemoryOnDiskIO.m */ = {isa = PBXFileReference; fileEncoding = 4; lastKnownFileType = sourcecode.c.objc; path = "FMDatabase+InMemoryOnDiskIO.m"; sourceTree = "<group>"; };
		D7A64AF01B6DB931000FE8A8 /* FMDatabaseAdditionsVariadic.swift */ = {isa = PBXFileReference; fileEncoding = 4; lastKnownFileType = sourcecode.swift; path = FMDatabaseAdditionsVariadic.swift; sourceTree = "<group>"; };
		D7A64AF11B6DB931000FE8A8 /* FMDatabaseVariadic.swift */ = {isa = PBXFileReference; fileEncoding = 4; lastKnownFileType = sourcecode.swift; path = FMDatabaseVariadic.swift; sourceTree = "<group>"; };
		D7A64AF41B6DB93A000FE8A8 /* FMDatabase.h */ = {isa = PBXFileReference; fileEncoding = 4; lastKnownFileType = sourcecode.c.h; path = FMDatabase.h; sourceTree = "<group>"; };
		D7A64AF51B6DB93A000FE8A8 /* FMDatabase.m */ = {isa = PBXFileReference; fileEncoding = 4; lastKnownFileType = sourcecode.c.objc; path = FMDatabase.m; sourceTree = "<group>"; };
		D7A64AF61B6DB93A000FE8A8 /* FMDatabaseAdditions.h */ = {isa = PBXFileReference; fileEncoding = 4; lastKnownFileType = sourcecode.c.h; path = FMDatabaseAdditions.h; sourceTree = "<group>"; };
		D7A64AF71B6DB93A000FE8A8 /* FMDatabaseAdditions.m */ = {isa = PBXFileReference; fileEncoding = 4; lastKnownFileType = sourcecode.c.objc; path = FMDatabaseAdditions.m; sourceTree = "<group>"; };
		D7A64AF81B6DB93A000FE8A8 /* FMDatabasePool.h */ = {isa = PBXFileReference; fileEncoding = 4; lastKnownFileType = sourcecode.c.h; path = FMDatabasePool.h; sourceTree = "<group>"; };
		D7A64AF91B6DB93A000FE8A8 /* FMDatabasePool.m */ = {isa = PBXFileReference; fileEncoding = 4; lastKnownFileType = sourcecode.c.objc; path = FMDatabasePool.m; sourceTree = "<group>"; };
		D7A64AFA1B6DB93A000FE8A8 /* FMDatabaseQueue.h */ = {isa = PBXFileReference; fileEncoding = 4; lastKnownFileType = sourcecode.c.h; path = FMDatabaseQueue.h; sourceTree = "<group>"; };
		D7A64AFB1B6DB93A000FE8A8 /* FMDatabaseQueue.m */ = {isa = PBXFileReference; fileEncoding = 4; lastKnownFileType = sourcecode.c.objc; path = FMDatabaseQueue.m; sourceTree = "<group>"; };
		D7A64AFC1B6DB93A000FE8A8 /* FMDB.h */ = {isa = PBXFileReference; fileEncoding = 4; lastKnownFileType = sourcecode.c.h; path = FMDB.h; sourceTree = "<group>"; };
		D7A64AFD1B6DB93A000FE8A8 /* FMResultSet.h */ = {isa = PBXFileReference; fileEncoding = 4; lastKnownFileType = sourcecode.c.h; path = FMResultSet.h; sourceTree = "<group>"; };
		D7A64AFE1B6DB93A000FE8A8 /* FMResultSet.m */ = {isa = PBXFileReference; fileEncoding = 4; lastKnownFileType = sourcecode.c.objc; path = FMResultSet.m; sourceTree = "<group>"; };
		D7A64B041B6E00FB000FE8A8 /* MarqueeLabel.h */ = {isa = PBXFileReference; fileEncoding = 4; lastKnownFileType = sourcecode.c.h; path = MarqueeLabel.h; sourceTree = "<group>"; };
		D7A64B051B6E00FB000FE8A8 /* MarqueeLabel.m */ = {isa = PBXFileReference; fileEncoding = 4; lastKnownFileType = sourcecode.c.objc; path = MarqueeLabel.m; sourceTree = "<group>"; };
		D7A64B081B6E0637000FE8A8 /* HRPlaylistsController.swift */ = {isa = PBXFileReference; fileEncoding = 4; lastKnownFileType = sourcecode.swift; path = HRPlaylistsController.swift; sourceTree = "<group>"; };
		D7A64B0B1B6EA395000FE8A8 /* HRCurrentUserModel.swift */ = {isa = PBXFileReference; fileEncoding = 4; lastKnownFileType = sourcecode.swift; path = HRCurrentUserModel.swift; sourceTree = "<group>"; };
		D7A64B0E1B6EA983000FE8A8 /* HRDataManager.swift */ = {isa = PBXFileReference; fileEncoding = 4; lastKnownFileType = sourcecode.swift; path = HRDataManager.swift; sourceTree = "<group>"; };
		D7ED33551B52D49E0068FF4E /* SwiftyJSON.swift */ = {isa = PBXFileReference; fileEncoding = 4; lastKnownFileType = sourcecode.swift; path = SwiftyJSON.swift; sourceTree = "<group>"; };
		D7ED33571B52D4AD0068FF4E /* AnimatedMenuButton.swift */ = {isa = PBXFileReference; fileEncoding = 4; lastKnownFileType = sourcecode.swift; path = AnimatedMenuButton.swift; sourceTree = "<group>"; };
		D7ED33581B52D4AD0068FF4E /* DrawerBarButtonItem.swift */ = {isa = PBXFileReference; fileEncoding = 4; lastKnownFileType = sourcecode.swift; path = DrawerBarButtonItem.swift; sourceTree = "<group>"; };
		D7ED335A1B52D4AD0068FF4E /* DrawerController.swift */ = {isa = PBXFileReference; fileEncoding = 4; lastKnownFileType = sourcecode.swift; path = DrawerController.swift; sourceTree = "<group>"; };
		D7ED335B1B52D4AD0068FF4E /* DrawerVisualState.swift */ = {isa = PBXFileReference; fileEncoding = 4; lastKnownFileType = sourcecode.swift; path = DrawerVisualState.swift; sourceTree = "<group>"; };
		D7ED33601B52D4BE0068FF4E /* HashMap.swift */ = {isa = PBXFileReference; fileEncoding = 4; lastKnownFileType = sourcecode.swift; path = HashMap.swift; sourceTree = "<group>"; };
		D7ED33611B52D4BE0068FF4E /* SinglyLinkedList.swift */ = {isa = PBXFileReference; fileEncoding = 4; lastKnownFileType = sourcecode.swift; path = SinglyLinkedList.swift; sourceTree = "<group>"; };
		D7ED33621B52D4BE0068FF4E /* SinglyNode.swift */ = {isa = PBXFileReference; fileEncoding = 4; lastKnownFileType = sourcecode.swift; path = SinglyNode.swift; sourceTree = "<group>"; };
		D7ED33681B52F5860068FF4E /* HRMenuCell.swift */ = {isa = PBXFileReference; fileEncoding = 4; lastKnownFileType = sourcecode.swift; path = HRMenuCell.swift; sourceTree = "<group>"; };
		D7ED336B1B531DAC0068FF4E /* COXSignal.swift */ = {isa = PBXFileReference; fileEncoding = 4; lastKnownFileType = sourcecode.swift; path = COXSignal.swift; sourceTree = "<group>"; };
		D7F157E31B437D620023319E /* Hydra.app */ = {isa = PBXFileReference; explicitFileType = wrapper.application; includeInIndex = 0; path = Hydra.app; sourceTree = BUILT_PRODUCTS_DIR; };
		D7F157E71B437D630023319E /* Info.plist */ = {isa = PBXFileReference; lastKnownFileType = text.plist.xml; path = Info.plist; sourceTree = "<group>"; };
		D7F157E81B437D630023319E /* AppDelegate.swift */ = {isa = PBXFileReference; lastKnownFileType = sourcecode.swift; path = AppDelegate.swift; sourceTree = "<group>"; };
		D7F157ED1B437D630023319E /* Base */ = {isa = PBXFileReference; lastKnownFileType = file.storyboard; name = Base; path = Base.lproj/Main.storyboard; sourceTree = "<group>"; };
		D7F157EF1B437D630023319E /* Images.xcassets */ = {isa = PBXFileReference; lastKnownFileType = folder.assetcatalog; path = Images.xcassets; sourceTree = "<group>"; };
		D7F157F81B437D630023319E /* HydraTests.xctest */ = {isa = PBXFileReference; explicitFileType = wrapper.cfbundle; includeInIndex = 0; path = HydraTests.xctest; sourceTree = BUILT_PRODUCTS_DIR; };
		D7F157FD1B437D630023319E /* Info.plist */ = {isa = PBXFileReference; lastKnownFileType = text.plist.xml; path = Info.plist; sourceTree = "<group>"; };
		D7F157FE1B437D630023319E /* HydraTests.swift */ = {isa = PBXFileReference; lastKnownFileType = sourcecode.swift; path = HydraTests.swift; sourceTree = "<group>"; };
		DBC898785660C79A7B0DD455 /* Pods-Hydra.release.xcconfig */ = {isa = PBXFileReference; includeInIndex = 1; lastKnownFileType = text.xcconfig; name = "Pods-Hydra.release.xcconfig"; path = "Pods/Target Support Files/Pods-Hydra/Pods-Hydra.release.xcconfig"; sourceTree = "<group>"; };
/* End PBXFileReference section */

/* Begin PBXFrameworksBuildPhase section */
		D7F157E01B437D620023319E /* Frameworks */ = {
			isa = PBXFrameworksBuildPhase;
			buildActionMask = 2147483647;
			files = (
				D76E93B41B480FF900F4834D /* AVFoundation.framework in Frameworks */,
				D76E93B21B480FF100F4834D /* AudioToolbox.framework in Frameworks */,
				D76E93B01B480FEB00F4834D /* MediaPlayer.framework in Frameworks */,
				D76E93851B47E7FC00F4834D /* VKSdk.framework in Frameworks */,
				649E73E547A8DD95524F7A01 /* Pods_Hydra.framework in Frameworks */,
			);
			runOnlyForDeploymentPostprocessing = 0;
		};
		D7F157F51B437D630023319E /* Frameworks */ = {
			isa = PBXFrameworksBuildPhase;
			buildActionMask = 2147483647;
			files = (
			);
			runOnlyForDeploymentPostprocessing = 0;
		};
/* End PBXFrameworksBuildPhase section */

/* Begin PBXGroup section */
		15A93BAE1BB8AAEF00455D54 /* GroupsAudio */ = {
			isa = PBXGroup;
			children = (
				15A93BB41BB8AB5D00455D54 /* HRGroupAudioCell.swift */,
				15A93BB21BB8AB2500455D54 /* HRGroupAudioController.swift */,
			);
			name = GroupsAudio;
			sourceTree = "<group>";
		};
		15AC8CFF1BB130F90050827C /* Friends */ = {
			isa = PBXGroup;
			children = (
				15AC8D081BB13CC90050827C /* FriendAudio */,
				15AC8D031BB131200050827C /* Cells */,
				15AC8D011BB131180050827C /* HRFriendsController.swift */,
			);
			name = Friends;
			sourceTree = "<group>";
		};
		15AC8D001BB131030050827C /* Search */ = {
			isa = PBXGroup;
			children = (
				15AC8D0F1BB18FA80050827C /* HRSearchAudioController.swift */,
				15AC8D111BB1931F0050827C /* HRAudioSearchCell.swift */,
			);
			name = Search;
			sourceTree = "<group>";
		};
		15AC8D031BB131200050827C /* Cells */ = {
			isa = PBXGroup;
			children = (
				15AC8D041BB1313B0050827C /* HRFriendsCell.swift */,
			);
			name = Cells;
			sourceTree = "<group>";
		};
		15AC8D081BB13CC90050827C /* FriendAudio */ = {
			isa = PBXGroup;
			children = (
				15AC8D091BB13CDF0050827C /* HRFriendAudioController.swift */,
				15AC8D0B1BB13D360050827C /* HRFriendAudioCell.swift */,
			);
			name = FriendAudio;
			sourceTree = "<group>";
		};
		15AC8D131BB1E1F60050827C /* Groups */ = {
			isa = PBXGroup;
			children = (
				15A93BAE1BB8AAEF00455D54 /* GroupsAudio */,
				15AC8D181BB1F78B0050827C /* Cells */,
				15AC8D141BB1E53F0050827C /* HRGroupsController.swift */,
			);
			name = Groups;
			sourceTree = "<group>";
		};
		15AC8D181BB1F78B0050827C /* Cells */ = {
			isa = PBXGroup;
			children = (
				15AC8D191BB1F79F0050827C /* HRGroupCell.swift */,
			);
			name = Cells;
			sourceTree = "<group>";
		};
		D76E938B1B47F0E000F4834D /* Cell */ = {
			isa = PBXGroup;
			children = (
				D76E93C51B48228200F4834D /* HRAllMusicCell.swift */,
			);
			name = Cell;
			sourceTree = "<group>";
		};
		D76E938C1B47F47700F4834D /* JSON */ = {
			isa = PBXGroup;
			children = (
				D7ED33551B52D49E0068FF4E /* SwiftyJSON.swift */,
			);
			name = JSON;
			sourceTree = "<group>";
		};
		D76E93911B48041900F4834D /* PlayerManager */ = {
			isa = PBXGroup;
			children = (
				D76E93B51B4815D300F4834D /* AFSoundManager.h */,
				D76E93B61B4815D300F4834D /* AFSoundPlayback.h */,
				D76E93B71B4815D300F4834D /* AFSoundPlayback.m */,
				D76E93B81B4815D300F4834D /* AFSoundItem.h */,
				D76E93B91B4815D300F4834D /* AFSoundItem.m */,
				D76E93BA1B4815D300F4834D /* AFSoundQueue.h */,
				D76E93BB1B4815D300F4834D /* AFSoundQueue.m */,
				D76E93BC1B4815D300F4834D /* AFSoundRecord.h */,
				D76E93BD1B4815D300F4834D /* AFSoundRecord.m */,
				D76E93BE1B4815D300F4834D /* NSTimer+AFSoundManager.h */,
				D76E93BF1B4815D300F4834D /* NSTimer+AFSoundManager.m */,
			);
			name = PlayerManager;
			sourceTree = "<group>";
		};
		D76E93C71B48644400F4834D /* iTunesSearch */ = {
			isa = PBXGroup;
			children = (
				D76E93C81B48645000F4834D /* ItunesSearch.h */,
				D76E93C91B48645000F4834D /* ItunesSearch.m */,
			);
			name = iTunesSearch;
			sourceTree = "<group>";
		};
		D76E93CB1B48872E00F4834D /* SwipeCell */ = {
			isa = PBXGroup;
			children = (
				D76E93CC1B48873E00F4834D /* MGSwipeButton.h */,
				D76E93CD1B48873E00F4834D /* MGSwipeButton.m */,
				D76E93CE1B48873E00F4834D /* MGSwipeTableCell.h */,
				D76E93CF1B48873E00F4834D /* MGSwipeTableCell.m */,
			);
			name = SwipeCell;
			sourceTree = "<group>";
		};
		D77554791B437DAE008779C1 /* Core */ = {
			isa = PBXGroup;
			children = (
				D7A64B0D1B6EA978000FE8A8 /* Data */,
				D77554D91B43A974008779C1 /* Interface */,
				D77554841B437E0A008779C1 /* Database */,
				D77554831B437E06008779C1 /* Network */,
				D77554821B437E02008779C1 /* Managers */,
			);
			name = Core;
			sourceTree = "<group>";
		};
		D775547A1B437DB3008779C1 /* Controllers */ = {
			isa = PBXGroup;
			children = (
				D775547F1B437DF2008779C1 /* Auth */,
				D77554801B437DF5008779C1 /* Menu */,
				D7A64B071B6E05E7000FE8A8 /* Playlists */,
				15AC8CFF1BB130F90050827C /* Friends */,
				D775547C1B437DC0008779C1 /* AllMusic */,
				D77554851B439BF7008779C1 /* Player */,
				D775547D1B437DD9008779C1 /* Downloads */,
				15AC8D131BB1E1F60050827C /* Groups */,
				D775547E1B437DE0008779C1 /* Settings */,
			);
			name = Controllers;
			sourceTree = "<group>";
		};
		D775547B1B437DB7008779C1 /* Application */ = {
			isa = PBXGroup;
			children = (
				D77554D51B43A92A008779C1 /* HRConstants.swift */,
				D77554A41B43A705008779C1 /* Hydra-Bridging-Header.h */,
				D7F157EF1B437D630023319E /* Images.xcassets */,
				D7F157EC1B437D630023319E /* Main.storyboard */,
				D7F157E81B437D630023319E /* AppDelegate.swift */,
			);
			name = Application;
			sourceTree = "<group>";
		};
		D775547C1B437DC0008779C1 /* AllMusic */ = {
			isa = PBXGroup;
			children = (
				15AC8D001BB131030050827C /* Search */,
				D76E938B1B47F0E000F4834D /* Cell */,
				D775548F1B43A563008779C1 /* AllMusicController.swift */,
			);
			name = AllMusic;
			sourceTree = "<group>";
		};
		D775547D1B437DD9008779C1 /* Downloads */ = {
			isa = PBXGroup;
			children = (
				D7ED336A1B52FDED0068FF4E /* DownloadedCell */,
				D77554931B43A581008779C1 /* DownloadsController.swift */,
			);
			name = Downloads;
			sourceTree = "<group>";
		};
		D775547E1B437DE0008779C1 /* Settings */ = {
			isa = PBXGroup;
			children = (
				D77554951B43A58F008779C1 /* SettingsController.swift */,
				1523C6B01BAF56B600272C12 /* HRSettingsController.swift */,
			);
			name = Settings;
			sourceTree = "<group>";
		};
		D775547F1B437DF2008779C1 /* Auth */ = {
			isa = PBXGroup;
			children = (
				D775548B1B43A546008779C1 /* AuthController.swift */,
			);
			name = Auth;
			sourceTree = "<group>";
		};
		D77554801B437DF5008779C1 /* Menu */ = {
			isa = PBXGroup;
			children = (
				D7ED33671B52EF4F0068FF4E /* Cells */,
				D775548D1B43A554008779C1 /* MenuController.swift */,
			);
			name = Menu;
			sourceTree = "<group>";
		};
		D77554811B437DFD008779C1 /* Models */ = {
			isa = PBXGroup;
			children = (
				D76E93891B47F0A400F4834D /* HRAudioItemModel.swift */,
				D7A64B0B1B6EA395000FE8A8 /* HRCurrentUserModel.swift */,
				D77E8AD21B6ED26A00AD31DF /* HRAlbumModel.swift */,
				15AC8D061BB132A60050827C /* HRFriendModel.swift */,
				15AC8D1B1BB1F7E50050827C /* HRGroupModel.swift */,
			);
			name = Models;
			sourceTree = "<group>";
		};
		D77554821B437E02008779C1 /* Managers */ = {
			isa = PBXGroup;
			children = (
				D76E93981B48081A00F4834D /* HRPlayerManager.swift */,
				1577BD5E1BA68453005E14DC /* HRDownloadManager.swift */,
			);
			name = Managers;
			sourceTree = "<group>";
		};
		D77554831B437E06008779C1 /* Network */ = {
			isa = PBXGroup;
			children = (
				D77554D71B43A957008779C1 /* HRAPIManager.swift */,
				D77554811B437DFD008779C1 /* Models */,
			);
			name = Network;
			sourceTree = "<group>";
		};
		D77554841B437E0A008779C1 /* Database */ = {
			isa = PBXGroup;
			children = (
				D76E93871B47E99E00F4834D /* HRDatabaseManager.swift */,
			);
			name = Database;
			sourceTree = "<group>";
		};
		D77554851B439BF7008779C1 /* Player */ = {
			isa = PBXGroup;
			children = (
				D77554911B43A572008779C1 /* PlayerController.swift */,
			);
			name = Player;
			sourceTree = "<group>";
		};
		D77554861B43A28C008779C1 /* Ext */ = {
			isa = PBXGroup;
			children = (
				15BEC4F81BB2EA7900956332 /* AttributedLabel.swift */,
				D7A64B041B6E00FB000FE8A8 /* MarqueeLabel.h */,
				D7A64B051B6E00FB000FE8A8 /* MarqueeLabel.m */,
				D76E938F1B47FF1200F4834D /* dispatch.swift */,
				D7A64AE21B6DB8DB000FE8A8 /* FMDB */,
				D7ED336B1B531DAC0068FF4E /* COXSignal.swift */,
				D76E93CB1B48872E00F4834D /* SwipeCell */,
				D76E93C71B48644400F4834D /* iTunesSearch */,
				D76E93911B48041900F4834D /* PlayerManager */,
				D76E938C1B47F47700F4834D /* JSON */,
				D76E93831B47E7FC00F4834D /* VKSdk.framework */,
				D76E93841B47E7FC00F4834D /* VKSdkResources.bundle */,
				D77554B01B43A71A008779C1 /* BufferNav */,
				D77554A31B43A6F0008779C1 /* DrawController */,
				D77554A01B43A6E0008779C1 /* UserDef */,
				D77554991B43A6D0008779C1 /* HashMap */,
			);
			name = Ext;
			sourceTree = "<group>";
		};
		D77554991B43A6D0008779C1 /* HashMap */ = {
			isa = PBXGroup;
			children = (
				D7ED33601B52D4BE0068FF4E /* HashMap.swift */,
				D7ED33611B52D4BE0068FF4E /* SinglyLinkedList.swift */,
				D7ED33621B52D4BE0068FF4E /* SinglyNode.swift */,
			);
			name = HashMap;
			sourceTree = "<group>";
		};
		D77554A01B43A6E0008779C1 /* UserDef */ = {
			isa = PBXGroup;
			children = (
				D77554A11B43A6E8008779C1 /* SwiftyUserDefaults.swift */,
			);
			name = UserDef;
			sourceTree = "<group>";
		};
		D77554A31B43A6F0008779C1 /* DrawController */ = {
			isa = PBXGroup;
			children = (
				D7ED33571B52D4AD0068FF4E /* AnimatedMenuButton.swift */,
				D7ED33581B52D4AD0068FF4E /* DrawerBarButtonItem.swift */,
				D7ED335A1B52D4AD0068FF4E /* DrawerController.swift */,
				D7ED335B1B52D4AD0068FF4E /* DrawerVisualState.swift */,
			);
			name = DrawController;
			sourceTree = "<group>";
		};
		D77554B01B43A71A008779C1 /* BufferNav */ = {
			isa = PBXGroup;
			children = (
				D77554B11B43A721008779C1 /* BufferedNavigationController.h */,
				D77554B21B43A721008779C1 /* BufferedNavigationController.m */,
			);
			name = BufferNav;
			sourceTree = "<group>";
		};
		D77554D91B43A974008779C1 /* Interface */ = {
			isa = PBXGroup;
			children = (
				D77554DA1B43A97E008779C1 /* HRInterfaceManager.swift */,
			);
			name = Interface;
			sourceTree = "<group>";
		};
		D77554DC1B43A9FB008779C1 /* Elements */ = {
			isa = PBXGroup;
			children = (
				D77E8AD01B6EBFBA00AD31DF /* UIImage+Ext.swift */,
				D77554DD1B43AA8F008779C1 /* HRNavigationController.swift */,
				15AC8D0D1BB18F480050827C /* HRFooterProgress.swift */,
				15BEC4F61BB2207C00956332 /* Collections+Ext.swift */,
			);
			name = Elements;
			sourceTree = "<group>";
		};
		D7A64AE21B6DB8DB000FE8A8 /* FMDB */ = {
			isa = PBXGroup;
			children = (
				D7A64AF41B6DB93A000FE8A8 /* FMDatabase.h */,
				D7A64AF51B6DB93A000FE8A8 /* FMDatabase.m */,
				D7A64AF61B6DB93A000FE8A8 /* FMDatabaseAdditions.h */,
				D7A64AF71B6DB93A000FE8A8 /* FMDatabaseAdditions.m */,
				D7A64AF81B6DB93A000FE8A8 /* FMDatabasePool.h */,
				D7A64AF91B6DB93A000FE8A8 /* FMDatabasePool.m */,
				D7A64AFA1B6DB93A000FE8A8 /* FMDatabaseQueue.h */,
				D7A64AFB1B6DB93A000FE8A8 /* FMDatabaseQueue.m */,
				D7A64AFC1B6DB93A000FE8A8 /* FMDB.h */,
				D7A64AFD1B6DB93A000FE8A8 /* FMResultSet.h */,
				D7A64AFE1B6DB93A000FE8A8 /* FMResultSet.m */,
				D7A64AE51B6DB910000FE8A8 /* InMemoryOnDiskIO */,
				D7A64AE41B6DB90C000FE8A8 /* fts3 */,
				D7A64AE31B6DB906000FE8A8 /* swift */,
			);
			name = FMDB;
			sourceTree = "<group>";
		};
		D7A64AE31B6DB906000FE8A8 /* swift */ = {
			isa = PBXGroup;
			children = (
				D7A64AF01B6DB931000FE8A8 /* FMDatabaseAdditionsVariadic.swift */,
				D7A64AF11B6DB931000FE8A8 /* FMDatabaseVariadic.swift */,
			);
			name = swift;
			sourceTree = "<group>";
		};
		D7A64AE41B6DB90C000FE8A8 /* fts3 */ = {
			isa = PBXGroup;
			children = (
				D7A64AE61B6DB91F000FE8A8 /* FMDatabase+FTS3.h */,
				D7A64AE71B6DB920000FE8A8 /* FMDatabase+FTS3.m */,
				D7A64AE81B6DB920000FE8A8 /* FMTokenizers.h */,
				D7A64AE91B6DB920000FE8A8 /* FMTokenizers.m */,
				D7A64AEA1B6DB920000FE8A8 /* fts3_tokenizer.h */,
			);
			name = fts3;
			sourceTree = "<group>";
		};
		D7A64AE51B6DB910000FE8A8 /* InMemoryOnDiskIO */ = {
			isa = PBXGroup;
			children = (
				D7A64AED1B6DB92A000FE8A8 /* FMDatabase+InMemoryOnDiskIO.h */,
				D7A64AEE1B6DB92A000FE8A8 /* FMDatabase+InMemoryOnDiskIO.m */,
			);
			name = InMemoryOnDiskIO;
			sourceTree = "<group>";
		};
		D7A64B071B6E05E7000FE8A8 /* Playlists */ = {
			isa = PBXGroup;
			children = (
				D7A64B0A1B6E0642000FE8A8 /* Cells */,
				D7A64B081B6E0637000FE8A8 /* HRPlaylistsController.swift */,
				D77E8AD61B6ED67C00AD31DF /* HRInPlaylistController.swift */,
			);
			name = Playlists;
			sourceTree = "<group>";
		};
		D7A64B0A1B6E0642000FE8A8 /* Cells */ = {
			isa = PBXGroup;
			children = (
				D77E8AD41B6ED2D300AD31DF /* HRPlaylistCell.swift */,
			);
			name = Cells;
			sourceTree = "<group>";
		};
		D7A64B0D1B6EA978000FE8A8 /* Data */ = {
			isa = PBXGroup;
			children = (
				D7A64B0E1B6EA983000FE8A8 /* HRDataManager.swift */,
			);
			name = Data;
			sourceTree = "<group>";
		};
		D7ED33671B52EF4F0068FF4E /* Cells */ = {
			isa = PBXGroup;
			children = (
				D7ED33681B52F5860068FF4E /* HRMenuCell.swift */,
			);
			name = Cells;
			sourceTree = "<group>";
		};
		D7ED336A1B52FDED0068FF4E /* DownloadedCell */ = {
			isa = PBXGroup;
			children = (
				156813151BA6CCF30019C118 /* HRDownloadedCell.swift */,
			);
			name = DownloadedCell;
			sourceTree = "<group>";
		};
		D7F157DA1B437D620023319E = {
			isa = PBXGroup;
			children = (
				D7F157E51B437D630023319E /* Hydra */,
				D7F157FB1B437D630023319E /* HydraTests */,
				D7F157E41B437D630023319E /* Products */,
				E69FF39EBAAA5858A88F476E /* Pods */,
				F1742499CA16E73F3944338D /* Frameworks */,
			);
			sourceTree = "<group>";
		};
		D7F157E41B437D630023319E /* Products */ = {
			isa = PBXGroup;
			children = (
				D7F157E31B437D620023319E /* Hydra.app */,
				D7F157F81B437D630023319E /* HydraTests.xctest */,
			);
			name = Products;
			sourceTree = "<group>";
		};
		D7F157E51B437D630023319E /* Hydra */ = {
			isa = PBXGroup;
			children = (
				D77554861B43A28C008779C1 /* Ext */,
				D775547B1B437DB7008779C1 /* Application */,
				D775547A1B437DB3008779C1 /* Controllers */,
				D77554DC1B43A9FB008779C1 /* Elements */,
				D77554791B437DAE008779C1 /* Core */,
				D7F157E61B437D630023319E /* Supporting Files */,
			);
			path = Hydra;
			sourceTree = "<group>";
		};
		D7F157E61B437D630023319E /* Supporting Files */ = {
			isa = PBXGroup;
			children = (
				D7F157E71B437D630023319E /* Info.plist */,
			);
			name = "Supporting Files";
			sourceTree = "<group>";
		};
		D7F157FB1B437D630023319E /* HydraTests */ = {
			isa = PBXGroup;
			children = (
				D7F157FE1B437D630023319E /* HydraTests.swift */,
				D7F157FC1B437D630023319E /* Supporting Files */,
			);
			path = HydraTests;
			sourceTree = "<group>";
		};
		D7F157FC1B437D630023319E /* Supporting Files */ = {
			isa = PBXGroup;
			children = (
				D7F157FD1B437D630023319E /* Info.plist */,
			);
			name = "Supporting Files";
			sourceTree = "<group>";
		};
		E69FF39EBAAA5858A88F476E /* Pods */ = {
			isa = PBXGroup;
			children = (
				951A50BF9B34515DEDB8EC4C /* Pods-Hydra.debug.xcconfig */,
				DBC898785660C79A7B0DD455 /* Pods-Hydra.release.xcconfig */,
			);
			name = Pods;
			sourceTree = "<group>";
		};
		F1742499CA16E73F3944338D /* Frameworks */ = {
			isa = PBXGroup;
			children = (
				D76E93B31B480FF900F4834D /* AVFoundation.framework */,
				D76E93B11B480FF100F4834D /* AudioToolbox.framework */,
				D76E93AF1B480FEB00F4834D /* MediaPlayer.framework */,
				D77554DF1B43ABBE008779C1 /* libsqlite3.dylib */,
				8CE20EA940EC7896FD7A41B8 /* Pods_Hydra.framework */,
			);
			name = Frameworks;
			sourceTree = "<group>";
		};
/* End PBXGroup section */

/* Begin PBXNativeTarget section */
		D7F157E21B437D620023319E /* Hydra */ = {
			isa = PBXNativeTarget;
			buildConfigurationList = D7F158021B437D630023319E /* Build configuration list for PBXNativeTarget "Hydra" */;
			buildPhases = (
				77EB06B60138878DF9544213 /* Check Pods Manifest.lock */,
				D7F157DF1B437D620023319E /* Sources */,
				D7F157E01B437D620023319E /* Frameworks */,
				D7F157E11B437D620023319E /* Resources */,
				7139D03AF1E15C94E315E923 /* Embed Pods Frameworks */,
				EF8887AEA20D52274BFE3EC1 /* Copy Pods Resources */,
			);
			buildRules = (
			);
			dependencies = (
			);
			name = Hydra;
			productName = Hydra;
			productReference = D7F157E31B437D620023319E /* Hydra.app */;
			productType = "com.apple.product-type.application";
		};
		D7F157F71B437D630023319E /* HydraTests */ = {
			isa = PBXNativeTarget;
			buildConfigurationList = D7F158051B437D630023319E /* Build configuration list for PBXNativeTarget "HydraTests" */;
			buildPhases = (
				D7F157F41B437D630023319E /* Sources */,
				D7F157F51B437D630023319E /* Frameworks */,
				D7F157F61B437D630023319E /* Resources */,
			);
			buildRules = (
			);
			dependencies = (
				D7F157FA1B437D630023319E /* PBXTargetDependency */,
			);
			name = HydraTests;
			productName = HydraTests;
			productReference = D7F157F81B437D630023319E /* HydraTests.xctest */;
			productType = "com.apple.product-type.bundle.unit-test";
		};
/* End PBXNativeTarget section */

/* Begin PBXProject section */
		D7F157DB1B437D620023319E /* Project object */ = {
			isa = PBXProject;
			attributes = {
				CLASSPREFIX = HR;
				LastSwiftUpdateCheck = 0700;
				LastUpgradeCheck = 0700;
				ORGANIZATIONNAME = "Evgeny Evgrafov";
				TargetAttributes = {
					D7F157E21B437D620023319E = {
						CreatedOnToolsVersion = 6.3.2;
						SystemCapabilities = {
							com.apple.BackgroundModes = {
								enabled = 1;
							};
						};
					};
					D7F157F71B437D630023319E = {
						CreatedOnToolsVersion = 6.3.2;
						TestTargetID = D7F157E21B437D620023319E;
					};
				};
			};
			buildConfigurationList = D7F157DE1B437D620023319E /* Build configuration list for PBXProject "Hydra" */;
			compatibilityVersion = "Xcode 3.2";
			developmentRegion = English;
			hasScannedForEncodings = 0;
			knownRegions = (
				en,
				Base,
			);
			mainGroup = D7F157DA1B437D620023319E;
			productRefGroup = D7F157E41B437D630023319E /* Products */;
			projectDirPath = "";
			projectRoot = "";
			targets = (
				D7F157E21B437D620023319E /* Hydra */,
				D7F157F71B437D630023319E /* HydraTests */,
			);
		};
/* End PBXProject section */

/* Begin PBXResourcesBuildPhase section */
		D7F157E11B437D620023319E /* Resources */ = {
			isa = PBXResourcesBuildPhase;
			buildActionMask = 2147483647;
			files = (
				D7F157EE1B437D630023319E /* Main.storyboard in Resources */,
				D76E93861B47E7FC00F4834D /* VKSdkResources.bundle in Resources */,
				D7F157F01B437D630023319E /* Images.xcassets in Resources */,
			);
			runOnlyForDeploymentPostprocessing = 0;
		};
		D7F157F61B437D630023319E /* Resources */ = {
			isa = PBXResourcesBuildPhase;
			buildActionMask = 2147483647;
			files = (
			);
			runOnlyForDeploymentPostprocessing = 0;
		};
/* End PBXResourcesBuildPhase section */

/* Begin PBXShellScriptBuildPhase section */
		7139D03AF1E15C94E315E923 /* Embed Pods Frameworks */ = {
			isa = PBXShellScriptBuildPhase;
			buildActionMask = 12;
			files = (
			);
			inputPaths = (
			);
			name = "Embed Pods Frameworks";
			outputPaths = (
			);
			runOnlyForDeploymentPostprocessing = 0;
			shellPath = /bin/sh;
			shellScript = "\"${SRCROOT}/Pods/Target Support Files/Pods-Hydra/Pods-Hydra-frameworks.sh\"\n";
			showEnvVarsInLog = 0;
		};
		77EB06B60138878DF9544213 /* Check Pods Manifest.lock */ = {
			isa = PBXShellScriptBuildPhase;
			buildActionMask = 2147483647;
			files = (
			);
			inputPaths = (
			);
			name = "Check Pods Manifest.lock";
			outputPaths = (
			);
			runOnlyForDeploymentPostprocessing = 0;
			shellPath = /bin/sh;
			shellScript = "diff \"${PODS_ROOT}/../Podfile.lock\" \"${PODS_ROOT}/Manifest.lock\" > /dev/null\nif [[ $? != 0 ]] ; then\n    cat << EOM\nerror: The sandbox is not in sync with the Podfile.lock. Run 'pod install' or update your CocoaPods installation.\nEOM\n    exit 1\nfi\n";
			showEnvVarsInLog = 0;
		};
		EF8887AEA20D52274BFE3EC1 /* Copy Pods Resources */ = {
			isa = PBXShellScriptBuildPhase;
			buildActionMask = 2147483647;
			files = (
			);
			inputPaths = (
			);
			name = "Copy Pods Resources";
			outputPaths = (
			);
			runOnlyForDeploymentPostprocessing = 0;
			shellPath = /bin/sh;
			shellScript = "\"${SRCROOT}/Pods/Target Support Files/Pods-Hydra/Pods-Hydra-resources.sh\"\n";
			showEnvVarsInLog = 0;
		};
/* End PBXShellScriptBuildPhase section */

/* Begin PBXSourcesBuildPhase section */
		D7F157DF1B437D620023319E /* Sources */ = {
			isa = PBXSourcesBuildPhase;
			buildActionMask = 2147483647;
			files = (
				D7A64AF31B6DB931000FE8A8 /* FMDatabaseVariadic.swift in Sources */,
				15AC8D071BB132A60050827C /* HRFriendModel.swift in Sources */,
				D76E93D11B48873E00F4834D /* MGSwipeTableCell.m in Sources */,
				D77554D81B43A957008779C1 /* HRAPIManager.swift in Sources */,
				D7A64AFF1B6DB93A000FE8A8 /* FMDatabase.m in Sources */,
				D77554921B43A572008779C1 /* PlayerController.swift in Sources */,
				D7A64B011B6DB93A000FE8A8 /* FMDatabasePool.m in Sources */,
				D76E93C21B4815D300F4834D /* AFSoundQueue.m in Sources */,
				D77554941B43A581008779C1 /* DownloadsController.swift in Sources */,
				D7ED33641B52D4BE0068FF4E /* SinglyLinkedList.swift in Sources */,
				D76E93C31B4815D300F4834D /* AFSoundRecord.m in Sources */,
				15AC8D121BB1931F0050827C /* HRAudioSearchCell.swift in Sources */,
				D76E938A1B47F0A400F4834D /* HRAudioItemModel.swift in Sources */,
				D77E8AD51B6ED2D300AD31DF /* HRPlaylistCell.swift in Sources */,
				D7ED335E1B52D4AD0068FF4E /* DrawerController.swift in Sources */,
				15AC8D1A1BB1F79F0050827C /* HRGroupCell.swift in Sources */,
				D76E93C41B4815D300F4834D /* NSTimer+AFSoundManager.m in Sources */,
				D76E93991B48081A00F4834D /* HRPlayerManager.swift in Sources */,
				15AC8D0C1BB13D360050827C /* HRFriendAudioCell.swift in Sources */,
				D7ED33631B52D4BE0068FF4E /* HashMap.swift in Sources */,
				15AC8D0E1BB18F480050827C /* HRFooterProgress.swift in Sources */,
				D76E93D01B48873E00F4834D /* MGSwipeButton.m in Sources */,
				D76E93C61B48228200F4834D /* HRAllMusicCell.swift in Sources */,
				D7A64AEF1B6DB92A000FE8A8 /* FMDatabase+InMemoryOnDiskIO.m in Sources */,
				D7A64B0C1B6EA395000FE8A8 /* HRCurrentUserModel.swift in Sources */,
				D775548C1B43A546008779C1 /* AuthController.swift in Sources */,
				D76E93901B47FF1200F4834D /* dispatch.swift in Sources */,
				D77554901B43A563008779C1 /* AllMusicController.swift in Sources */,
				D7A64B091B6E0637000FE8A8 /* HRPlaylistsController.swift in Sources */,
				D7A64AF21B6DB931000FE8A8 /* FMDatabaseAdditionsVariadic.swift in Sources */,
				D76E93C01B4815D300F4834D /* AFSoundPlayback.m in Sources */,
				D7ED33651B52D4BE0068FF4E /* SinglyNode.swift in Sources */,
				D77554961B43A58F008779C1 /* SettingsController.swift in Sources */,
				D77E8AD71B6ED67C00AD31DF /* HRInPlaylistController.swift in Sources */,
				D7ED336C1B531DAC0068FF4E /* COXSignal.swift in Sources */,
				D77554A21B43A6E8008779C1 /* SwiftyUserDefaults.swift in Sources */,
				D77E8AD31B6ED26A00AD31DF /* HRAlbumModel.swift in Sources */,
				D7ED33561B52D49E0068FF4E /* SwiftyJSON.swift in Sources */,
				15AC8D0A1BB13CDF0050827C /* HRFriendAudioController.swift in Sources */,
				15A93BB31BB8AB2500455D54 /* HRGroupAudioController.swift in Sources */,
				D775548E1B43A554008779C1 /* MenuController.swift in Sources */,
				D76E93881B47E99E00F4834D /* HRDatabaseManager.swift in Sources */,
				15A93BB51BB8AB5D00455D54 /* HRGroupAudioCell.swift in Sources */,
				1523C6B11BAF56B600272C12 /* HRSettingsController.swift in Sources */,
				D7F157E91B437D630023319E /* AppDelegate.swift in Sources */,
				15AC8D021BB131180050827C /* HRFriendsController.swift in Sources */,
				1577BD5F1BA68453005E14DC /* HRDownloadManager.swift in Sources */,
				D7A64AEC1B6DB920000FE8A8 /* FMTokenizers.m in Sources */,
				D77554DE1B43AA8F008779C1 /* HRNavigationController.swift in Sources */,
				D77554DB1B43A97E008779C1 /* HRInterfaceManager.swift in Sources */,
				D77E8AD11B6EBFBA00AD31DF /* UIImage+Ext.swift in Sources */,
				D7ED33691B52F5860068FF4E /* HRMenuCell.swift in Sources */,
				D7A64B021B6DB93A000FE8A8 /* FMDatabaseQueue.m in Sources */,
				D7ED335D1B52D4AD0068FF4E /* DrawerBarButtonItem.swift in Sources */,
				D7ED335F1B52D4AD0068FF4E /* DrawerVisualState.swift in Sources */,
				15AC8D1C1BB1F7E50050827C /* HRGroupModel.swift in Sources */,
				15AC8D051BB1313B0050827C /* HRFriendsCell.swift in Sources */,
				D7A64B001B6DB93A000FE8A8 /* FMDatabaseAdditions.m in Sources */,
				D76E93CA1B48645000F4834D /* ItunesSearch.m in Sources */,
				15AC8D151BB1E53F0050827C /* HRGroupsController.swift in Sources */,
				D7A64B031B6DB93A000FE8A8 /* FMResultSet.m in Sources */,
				15BEC4F71BB2207C00956332 /* Collections+Ext.swift in Sources */,
				15BEC4F91BB2EA7900956332 /* AttributedLabel.swift in Sources */,
				D7A64B061B6E00FB000FE8A8 /* MarqueeLabel.m in Sources */,
				D77554D61B43A92A008779C1 /* HRConstants.swift in Sources */,
				D7A64B0F1B6EA983000FE8A8 /* HRDataManager.swift in Sources */,
				D7A64AEB1B6DB920000FE8A8 /* FMDatabase+FTS3.m in Sources */,
				156813161BA6CCF30019C118 /* HRDownloadedCell.swift in Sources */,
				D77554B31B43A721008779C1 /* BufferedNavigationController.m in Sources */,
				D76E93C11B4815D300F4834D /* AFSoundItem.m in Sources */,
				15AC8D101BB18FA80050827C /* HRSearchAudioController.swift in Sources */,
				D7ED335C1B52D4AD0068FF4E /* AnimatedMenuButton.swift in Sources */,
			);
			runOnlyForDeploymentPostprocessing = 0;
		};
		D7F157F41B437D630023319E /* Sources */ = {
			isa = PBXSourcesBuildPhase;
			buildActionMask = 2147483647;
			files = (
				D7F157FF1B437D630023319E /* HydraTests.swift in Sources */,
			);
			runOnlyForDeploymentPostprocessing = 0;
		};
/* End PBXSourcesBuildPhase section */

/* Begin PBXTargetDependency section */
		D7F157FA1B437D630023319E /* PBXTargetDependency */ = {
			isa = PBXTargetDependency;
			target = D7F157E21B437D620023319E /* Hydra */;
			targetProxy = D7F157F91B437D630023319E /* PBXContainerItemProxy */;
		};
/* End PBXTargetDependency section */

/* Begin PBXVariantGroup section */
		D7F157EC1B437D630023319E /* Main.storyboard */ = {
			isa = PBXVariantGroup;
			children = (
				D7F157ED1B437D630023319E /* Base */,
			);
			name = Main.storyboard;
			sourceTree = "<group>";
		};
/* End PBXVariantGroup section */

/* Begin XCBuildConfiguration section */
		D7F158001B437D630023319E /* Debug */ = {
			isa = XCBuildConfiguration;
			buildSettings = {
				ALWAYS_SEARCH_USER_PATHS = NO;
				CLANG_CXX_LANGUAGE_STANDARD = "gnu++0x";
				CLANG_CXX_LIBRARY = "libc++";
				CLANG_ENABLE_MODULES = YES;
				CLANG_ENABLE_OBJC_ARC = YES;
				CLANG_WARN_BOOL_CONVERSION = YES;
				CLANG_WARN_CONSTANT_CONVERSION = YES;
				CLANG_WARN_DIRECT_OBJC_ISA_USAGE = YES_ERROR;
				CLANG_WARN_EMPTY_BODY = YES;
				CLANG_WARN_ENUM_CONVERSION = YES;
				CLANG_WARN_INT_CONVERSION = YES;
				CLANG_WARN_OBJC_ROOT_CLASS = YES_ERROR;
				CLANG_WARN_UNREACHABLE_CODE = YES;
				CLANG_WARN__DUPLICATE_METHOD_MATCH = YES;
				"CODE_SIGN_IDENTITY[sdk=iphoneos*]" = "iPhone Developer";
				COPY_PHASE_STRIP = NO;
				DEBUG_INFORMATION_FORMAT = "dwarf-with-dsym";
				ENABLE_STRICT_OBJC_MSGSEND = YES;
				ENABLE_TESTABILITY = YES;
				GCC_C_LANGUAGE_STANDARD = gnu99;
				GCC_DYNAMIC_NO_PIC = NO;
				GCC_NO_COMMON_BLOCKS = YES;
				GCC_OPTIMIZATION_LEVEL = 0;
				GCC_PREPROCESSOR_DEFINITIONS = (
					"DEBUG=1",
					"$(inherited)",
				);
				GCC_SYMBOLS_PRIVATE_EXTERN = NO;
				GCC_WARN_64_TO_32_BIT_CONVERSION = YES;
				GCC_WARN_ABOUT_RETURN_TYPE = YES_ERROR;
				GCC_WARN_UNDECLARED_SELECTOR = YES;
				GCC_WARN_UNINITIALIZED_AUTOS = YES_AGGRESSIVE;
				GCC_WARN_UNUSED_FUNCTION = YES;
				GCC_WARN_UNUSED_VARIABLE = YES;
				IPHONEOS_DEPLOYMENT_TARGET = 8.3;
				MTL_ENABLE_DEBUG_INFO = YES;
				ONLY_ACTIVE_ARCH = YES;
				SDKROOT = iphoneos;
				SWIFT_OPTIMIZATION_LEVEL = "-Onone";
			};
			name = Debug;
		};
		D7F158011B437D630023319E /* Release */ = {
			isa = XCBuildConfiguration;
			buildSettings = {
				ALWAYS_SEARCH_USER_PATHS = NO;
				CLANG_CXX_LANGUAGE_STANDARD = "gnu++0x";
				CLANG_CXX_LIBRARY = "libc++";
				CLANG_ENABLE_MODULES = YES;
				CLANG_ENABLE_OBJC_ARC = YES;
				CLANG_WARN_BOOL_CONVERSION = YES;
				CLANG_WARN_CONSTANT_CONVERSION = YES;
				CLANG_WARN_DIRECT_OBJC_ISA_USAGE = YES_ERROR;
				CLANG_WARN_EMPTY_BODY = YES;
				CLANG_WARN_ENUM_CONVERSION = YES;
				CLANG_WARN_INT_CONVERSION = YES;
				CLANG_WARN_OBJC_ROOT_CLASS = YES_ERROR;
				CLANG_WARN_UNREACHABLE_CODE = YES;
				CLANG_WARN__DUPLICATE_METHOD_MATCH = YES;
				"CODE_SIGN_IDENTITY[sdk=iphoneos*]" = "iPhone Developer";
				COPY_PHASE_STRIP = NO;
				DEBUG_INFORMATION_FORMAT = "dwarf-with-dsym";
				ENABLE_NS_ASSERTIONS = NO;
				ENABLE_STRICT_OBJC_MSGSEND = YES;
				GCC_C_LANGUAGE_STANDARD = gnu99;
				GCC_NO_COMMON_BLOCKS = YES;
				GCC_WARN_64_TO_32_BIT_CONVERSION = YES;
				GCC_WARN_ABOUT_RETURN_TYPE = YES_ERROR;
				GCC_WARN_UNDECLARED_SELECTOR = YES;
				GCC_WARN_UNINITIALIZED_AUTOS = YES_AGGRESSIVE;
				GCC_WARN_UNUSED_FUNCTION = YES;
				GCC_WARN_UNUSED_VARIABLE = YES;
				IPHONEOS_DEPLOYMENT_TARGET = 8.3;
				MTL_ENABLE_DEBUG_INFO = NO;
				SDKROOT = iphoneos;
				VALIDATE_PRODUCT = YES;
			};
			name = Release;
		};
		D7F158031B437D630023319E /* Debug */ = {
			isa = XCBuildConfiguration;
			baseConfigurationReference = 951A50BF9B34515DEDB8EC4C /* Pods-Hydra.debug.xcconfig */;
			buildSettings = {
				ASSETCATALOG_COMPILER_APPICON_NAME = AppIcon;
				CLANG_ENABLE_MODULES = YES;
				CODE_SIGN_IDENTITY = "iPhone Developer";
				ENABLE_BITCODE = NO;
				FRAMEWORK_SEARCH_PATHS = (
					"$(inherited)",
					"$(PROJECT_DIR)/Hydra",
				);
				INFOPLIST_FILE = Hydra/Info.plist;
				IPHONEOS_DEPLOYMENT_TARGET = 8.0;
				LD_RUNPATH_SEARCH_PATHS = "$(inherited) @executable_path/Frameworks";
				PRODUCT_BUNDLE_IDENTIFIER = com.KR.Hydra;
				PRODUCT_NAME = "$(TARGET_NAME)";
				SWIFT_OBJC_BRIDGING_HEADER = "Hydra/Hydra-Bridging-Header.h";
				SWIFT_OPTIMIZATION_LEVEL = "-Onone";
			};
			name = Debug;
		};
		D7F158041B437D630023319E /* Release */ = {
			isa = XCBuildConfiguration;
			baseConfigurationReference = DBC898785660C79A7B0DD455 /* Pods-Hydra.release.xcconfig */;
			buildSettings = {
				ASSETCATALOG_COMPILER_APPICON_NAME = AppIcon;
				CLANG_ENABLE_MODULES = YES;
				CODE_SIGN_IDENTITY = "iPhone Developer";
				ENABLE_BITCODE = NO;
				FRAMEWORK_SEARCH_PATHS = (
					"$(inherited)",
					"$(PROJECT_DIR)/Hydra",
				);
				INFOPLIST_FILE = Hydra/Info.plist;
				IPHONEOS_DEPLOYMENT_TARGET = 8.0;
				LD_RUNPATH_SEARCH_PATHS = "$(inherited) @executable_path/Frameworks";
				PRODUCT_BUNDLE_IDENTIFIER = com.KR.Hydra;
				PRODUCT_NAME = "$(TARGET_NAME)";
				SWIFT_OBJC_BRIDGING_HEADER = "Hydra/Hydra-Bridging-Header.h";
				SWIFT_OPTIMIZATION_LEVEL = "-Owholemodule";
			};
			name = Release;
		};
		D7F158061B437D630023319E /* Debug */ = {
			isa = XCBuildConfiguration;
			buildSettings = {
				BUNDLE_LOADER = "$(TEST_HOST)";
				FRAMEWORK_SEARCH_PATHS = "$(inherited)";
				GCC_PREPROCESSOR_DEFINITIONS = (
					"DEBUG=1",
					"$(inherited)",
				);
				INFOPLIST_FILE = HydraTests/Info.plist;
				LD_RUNPATH_SEARCH_PATHS = "$(inherited) @executable_path/Frameworks @loader_path/Frameworks";
				PRODUCT_BUNDLE_IDENTIFIER = "cox.COX.$(PRODUCT_NAME:rfc1034identifier)";
				PRODUCT_NAME = "$(TARGET_NAME)";
				TEST_HOST = "$(BUILT_PRODUCTS_DIR)/Hydra.app/Hydra";
			};
			name = Debug;
		};
		D7F158071B437D630023319E /* Release */ = {
			isa = XCBuildConfiguration;
			buildSettings = {
				BUNDLE_LOADER = "$(TEST_HOST)";
				FRAMEWORK_SEARCH_PATHS = "$(inherited)";
				INFOPLIST_FILE = HydraTests/Info.plist;
				LD_RUNPATH_SEARCH_PATHS = "$(inherited) @executable_path/Frameworks @loader_path/Frameworks";
				PRODUCT_BUNDLE_IDENTIFIER = "cox.COX.$(PRODUCT_NAME:rfc1034identifier)";
				PRODUCT_NAME = "$(TARGET_NAME)";
				TEST_HOST = "$(BUILT_PRODUCTS_DIR)/Hydra.app/Hydra";
			};
			name = Release;
		};
/* End XCBuildConfiguration section */

/* Begin XCConfigurationList section */
		D7F157DE1B437D620023319E /* Build configuration list for PBXProject "Hydra" */ = {
			isa = XCConfigurationList;
			buildConfigurations = (
				D7F158001B437D630023319E /* Debug */,
				D7F158011B437D630023319E /* Release */,
			);
			defaultConfigurationIsVisible = 0;
			defaultConfigurationName = Release;
		};
		D7F158021B437D630023319E /* Build configuration list for PBXNativeTarget "Hydra" */ = {
			isa = XCConfigurationList;
			buildConfigurations = (
				D7F158031B437D630023319E /* Debug */,
				D7F158041B437D630023319E /* Release */,
			);
			defaultConfigurationIsVisible = 0;
			defaultConfigurationName = Release;
		};
		D7F158051B437D630023319E /* Build configuration list for PBXNativeTarget "HydraTests" */ = {
			isa = XCConfigurationList;
			buildConfigurations = (
				D7F158061B437D630023319E /* Debug */,
				D7F158071B437D630023319E /* Release */,
			);
			defaultConfigurationIsVisible = 0;
			defaultConfigurationName = Release;
		};
/* End XCConfigurationList section */
	};
	rootObject = D7F157DB1B437D620023319E /* Project object */;
}
