// !$*UTF8*$!
{
	archiveVersion = 1;
	classes = {
	};
	objectVersion = 46;
	objects = {

/* Begin PBXBuildFile section */
		BE4521F61C995BDB00B8A391 /* FXAudioItemModel.swift in Sources */ = {isa = PBXBuildFile; fileRef = BE4521F51C995BDB00B8A391 /* FXAudioItemModel.swift */; };
		BE4521F81C995C1800B8A391 /* SwiftyJSON.swift in Sources */ = {isa = PBXBuildFile; fileRef = BE4521F71C995C1800B8A391 /* SwiftyJSON.swift */; };
		BE4521FA1C995C6700B8A391 /* FXApiManager.swift in Sources */ = {isa = PBXBuildFile; fileRef = BE4521F91C995C6700B8A391 /* FXApiManager.swift */; };
		BE4521FC1C995C6700B8A391 /* dispatch.swift in Sources */ = {isa = PBXBuildFile; fileRef = BE4521FB1C995C6700B8A391 /* dispatch.swift */; };
		BE70F3691C96201A00300696 /* FXDefaultMusicCell.swift in Sources */ = {isa = PBXBuildFile; fileRef = BE70F3681C96201A00300696 /* FXDefaultMusicCell.swift */; };
		BE70F36B1C99669100300696 /* AttributedLabel.swift in Sources */ = {isa = PBXBuildFile; fileRef = BE70F36A1C99669100300696 /* AttributedLabel.swift */; };
		BE70F36F1C99669A00300696 /* MarqueeLabel.m in Sources */ = {isa = PBXBuildFile; fileRef = BE70F36E1C99669A00300696 /* MarqueeLabel.m */; };
		BE70F3731C9970EE00300696 /* FXPlaylistsController.swift in Sources */ = {isa = PBXBuildFile; fileRef = BE70F3721C9970EE00300696 /* FXPlaylistsController.swift */; };
		BE70F3751C99710A00300696 /* FXPlaylistsViewModel.swift in Sources */ = {isa = PBXBuildFile; fileRef = BE70F3741C99710A00300696 /* FXPlaylistsViewModel.swift */; };
		BED930B81C947D8900A6CD90 /* AppDelegate.swift in Sources */ = {isa = PBXBuildFile; fileRef = BED930B71C947D8900A6CD90 /* AppDelegate.swift */; };
		BED930BF1C947D8900A6CD90 /* Assets.xcassets in Resources */ = {isa = PBXBuildFile; fileRef = BED930BE1C947D8900A6CD90 /* Assets.xcassets */; };
		BED930C21C947D8900A6CD90 /* LaunchScreen.storyboard in Resources */ = {isa = PBXBuildFile; fileRef = BED930C01C947D8900A6CD90 /* LaunchScreen.storyboard */; };
		BED930CD1C947D8900A6CD90 /* FXHydraTests.swift in Sources */ = {isa = PBXBuildFile; fileRef = BED930CC1C947D8900A6CD90 /* FXHydraTests.swift */; };
		BED930D81C947D8900A6CD90 /* FXHydraUITests.swift in Sources */ = {isa = PBXBuildFile; fileRef = BED930D71C947D8900A6CD90 /* FXHydraUITests.swift */; };
		BED930F81C94C1D000A6CD90 /* FXDatabaseService.swift in Sources */ = {isa = PBXBuildFile; fileRef = BED930F71C94C1D000A6CD90 /* FXDatabaseService.swift */; };
		BED930FB1C94C2DA00A6CD90 /* XCGLogger.swift in Sources */ = {isa = PBXBuildFile; fileRef = BED930FA1C94C2DA00A6CD90 /* XCGLogger.swift */; };
		BED930FD1C94C38900A6CD90 /* FXInterfaceService.swift in Sources */ = {isa = PBXBuildFile; fileRef = BED930FC1C94C38900A6CD90 /* FXInterfaceService.swift */; };
		BED931001C94C43500A6CD90 /* FXAuthController.swift in Sources */ = {isa = PBXBuildFile; fileRef = BED930FF1C94C43400A6CD90 /* FXAuthController.swift */; };
		BED931031C94C50600A6CD90 /* moments.mp4 in Resources */ = {isa = PBXBuildFile; fileRef = BED931011C94C4EA00A6CD90 /* moments.mp4 */; };
		BED931071C94C65A00A6CD90 /* VideoCutter.swift in Sources */ = {isa = PBXBuildFile; fileRef = BED931051C94C65A00A6CD90 /* VideoCutter.swift */; };
		BED931081C94C65A00A6CD90 /* VideoSplashViewController.swift in Sources */ = {isa = PBXBuildFile; fileRef = BED931061C94C65A00A6CD90 /* VideoSplashViewController.swift */; };
		BED9310A1C94CDAC00A6CD90 /* FXSignal.swift in Sources */ = {isa = PBXBuildFile; fileRef = BED931091C94CDAC00A6CD90 /* FXSignal.swift */; };
		BED9310D1C94CDD900A6CD90 /* FXSignalsService.swift in Sources */ = {isa = PBXBuildFile; fileRef = BED9310C1C94CDD900A6CD90 /* FXSignalsService.swift */; };
		BED9310F1C95ADA600A6CD90 /* SSASideMenu.swift in Sources */ = {isa = PBXBuildFile; fileRef = BED9310E1C95ADA600A6CD90 /* SSASideMenu.swift */; };
		BEF90A6B1C9CA2EB00ECFF3F /* FXNavigationController.swift in Sources */ = {isa = PBXBuildFile; fileRef = BEF90A6A1C9CA2EB00ECFF3F /* FXNavigationController.swift */; };
		BEF90A711C9CA34A00ECFF3F /* FXAllAudiosController.swift in Sources */ = {isa = PBXBuildFile; fileRef = BEF90A701C9CA34A00ECFF3F /* FXAllAudiosController.swift */; };
		BEF90A731C9CA35500ECFF3F /* FXDownloadsController.swift in Sources */ = {isa = PBXBuildFile; fileRef = BEF90A721C9CA35500ECFF3F /* FXDownloadsController.swift */; };
		BEF90A751C9CA36000ECFF3F /* FXSettingsController.swift in Sources */ = {isa = PBXBuildFile; fileRef = BEF90A741C9CA36000ECFF3F /* FXSettingsController.swift */; };
		BEF90A771C9CA36E00ECFF3F /* FXPlayerController.swift in Sources */ = {isa = PBXBuildFile; fileRef = BEF90A761C9CA36E00ECFF3F /* FXPlayerController.swift */; };
		BEF90A7C1C9CA37F00ECFF3F /* FXAllAudiosViewModel.swift in Sources */ = {isa = PBXBuildFile; fileRef = BEF90A7B1C9CA37F00ECFF3F /* FXAllAudiosViewModel.swift */; };
		BEF90A7E1C9CA37F00ECFF3F /* FXDownloadsViewModel.swift in Sources */ = {isa = PBXBuildFile; fileRef = BEF90A7D1C9CA37F00ECFF3F /* FXDownloadsViewModel.swift */; };
		BEF90A801C9CA37F00ECFF3F /* FXSettingsViewModel.swift in Sources */ = {isa = PBXBuildFile; fileRef = BEF90A7F1C9CA37F00ECFF3F /* FXSettingsViewModel.swift */; };
		BEF90A821C9CA37F00ECFF3F /* FXPlayerViewModel.swift in Sources */ = {isa = PBXBuildFile; fileRef = BEF90A811C9CA37F00ECFF3F /* FXPlayerViewModel.swift */; };
		BEF90A851C9CA37F00ECFF3F /* FXLocalized.swift in Sources */ = {isa = PBXBuildFile; fileRef = BEF90A841C9CA37F00ECFF3F /* FXLocalized.swift */; };
		BEF90A871C9CA37F00ECFF3F /* FXTabBarController.swift in Sources */ = {isa = PBXBuildFile; fileRef = BEF90A861C9CA37F00ECFF3F /* FXTabBarController.swift */; };
		BEF90A891C9CA37F00ECFF3F /* FXPlayerService.swift in Sources */ = {isa = PBXBuildFile; fileRef = BEF90A881C9CA37F00ECFF3F /* FXPlayerService.swift */; };
		D8265D96858E918B3EFFFB26 /* Pods_FXHydra.framework in Frameworks */ = {isa = PBXBuildFile; fileRef = F318777276F6853B46AA3AF9 /* Pods_FXHydra.framework */; };
/* End PBXBuildFile section */

/* Begin PBXContainerItemProxy section */
		BED930C91C947D8900A6CD90 /* PBXContainerItemProxy */ = {
			isa = PBXContainerItemProxy;
			containerPortal = BED930AC1C947D8900A6CD90 /* Project object */;
			proxyType = 1;
			remoteGlobalIDString = BED930B31C947D8900A6CD90;
			remoteInfo = FXHydra;
		};
		BED930D41C947D8900A6CD90 /* PBXContainerItemProxy */ = {
			isa = PBXContainerItemProxy;
			containerPortal = BED930AC1C947D8900A6CD90 /* Project object */;
			proxyType = 1;
			remoteGlobalIDString = BED930B31C947D8900A6CD90;
			remoteInfo = FXHydra;
		};
/* End PBXContainerItemProxy section */

/* Begin PBXFileReference section */
		04912E3B69CF04D4A8762929 /* Pods-FXHydra.debug.xcconfig */ = {isa = PBXFileReference; includeInIndex = 1; lastKnownFileType = text.xcconfig; name = "Pods-FXHydra.debug.xcconfig"; path = "Pods/Target Support Files/Pods-FXHydra/Pods-FXHydra.debug.xcconfig"; sourceTree = "<group>"; };
		2EEA67849E34ED48E7F4FE24 /* Pods-FXHydra.release.xcconfig */ = {isa = PBXFileReference; includeInIndex = 1; lastKnownFileType = text.xcconfig; name = "Pods-FXHydra.release.xcconfig"; path = "Pods/Target Support Files/Pods-FXHydra/Pods-FXHydra.release.xcconfig"; sourceTree = "<group>"; };
		BE4521F51C995BDB00B8A391 /* FXAudioItemModel.swift */ = {isa = PBXFileReference; fileEncoding = 4; lastKnownFileType = sourcecode.swift; path = FXAudioItemModel.swift; sourceTree = "<group>"; };
		BE4521F71C995C1800B8A391 /* SwiftyJSON.swift */ = {isa = PBXFileReference; fileEncoding = 4; lastKnownFileType = sourcecode.swift; path = SwiftyJSON.swift; sourceTree = "<group>"; };
		BE4521F91C995C6700B8A391 /* FXApiManager.swift */ = {isa = PBXFileReference; fileEncoding = 4; lastKnownFileType = sourcecode.swift; path = FXApiManager.swift; sourceTree = "<group>"; };
		BE4521FB1C995C6700B8A391 /* dispatch.swift */ = {isa = PBXFileReference; fileEncoding = 4; lastKnownFileType = sourcecode.swift; path = dispatch.swift; sourceTree = "<group>"; };
		BE70F3681C96201A00300696 /* FXDefaultMusicCell.swift */ = {isa = PBXFileReference; fileEncoding = 4; lastKnownFileType = sourcecode.swift; path = FXDefaultMusicCell.swift; sourceTree = "<group>"; };
		BE70F36A1C99669100300696 /* AttributedLabel.swift */ = {isa = PBXFileReference; fileEncoding = 4; lastKnownFileType = sourcecode.swift; path = AttributedLabel.swift; sourceTree = "<group>"; };
		BE70F36C1C99669900300696 /* FXHydra-Bridging-Header.h */ = {isa = PBXFileReference; lastKnownFileType = sourcecode.c.h; path = "FXHydra-Bridging-Header.h"; sourceTree = "<group>"; };
		BE70F36D1C99669A00300696 /* MarqueeLabel.h */ = {isa = PBXFileReference; fileEncoding = 4; lastKnownFileType = sourcecode.c.h; path = MarqueeLabel.h; sourceTree = "<group>"; };
		BE70F36E1C99669A00300696 /* MarqueeLabel.m */ = {isa = PBXFileReference; fileEncoding = 4; lastKnownFileType = sourcecode.c.objc; path = MarqueeLabel.m; sourceTree = "<group>"; };
		BE70F3721C9970EE00300696 /* FXPlaylistsController.swift */ = {isa = PBXFileReference; fileEncoding = 4; lastKnownFileType = sourcecode.swift; path = FXPlaylistsController.swift; sourceTree = "<group>"; };
		BE70F3741C99710A00300696 /* FXPlaylistsViewModel.swift */ = {isa = PBXFileReference; fileEncoding = 4; lastKnownFileType = sourcecode.swift; path = FXPlaylistsViewModel.swift; sourceTree = "<group>"; };
		BED930B41C947D8900A6CD90 /* FXHydra.app */ = {isa = PBXFileReference; explicitFileType = wrapper.application; includeInIndex = 0; path = FXHydra.app; sourceTree = BUILT_PRODUCTS_DIR; };
		BED930B71C947D8900A6CD90 /* AppDelegate.swift */ = {isa = PBXFileReference; lastKnownFileType = sourcecode.swift; path = AppDelegate.swift; sourceTree = "<group>"; };
		BED930BE1C947D8900A6CD90 /* Assets.xcassets */ = {isa = PBXFileReference; lastKnownFileType = folder.assetcatalog; path = Assets.xcassets; sourceTree = "<group>"; };
		BED930C11C947D8900A6CD90 /* Base */ = {isa = PBXFileReference; lastKnownFileType = file.storyboard; name = Base; path = Base.lproj/LaunchScreen.storyboard; sourceTree = "<group>"; };
		BED930C31C947D8900A6CD90 /* Info.plist */ = {isa = PBXFileReference; lastKnownFileType = text.plist.xml; path = Info.plist; sourceTree = "<group>"; };
		BED930C81C947D8900A6CD90 /* FXHydraTests.xctest */ = {isa = PBXFileReference; explicitFileType = wrapper.cfbundle; includeInIndex = 0; path = FXHydraTests.xctest; sourceTree = BUILT_PRODUCTS_DIR; };
		BED930CC1C947D8900A6CD90 /* FXHydraTests.swift */ = {isa = PBXFileReference; lastKnownFileType = sourcecode.swift; path = FXHydraTests.swift; sourceTree = "<group>"; };
		BED930CE1C947D8900A6CD90 /* Info.plist */ = {isa = PBXFileReference; lastKnownFileType = text.plist.xml; path = Info.plist; sourceTree = "<group>"; };
		BED930D31C947D8900A6CD90 /* FXHydraUITests.xctest */ = {isa = PBXFileReference; explicitFileType = wrapper.cfbundle; includeInIndex = 0; path = FXHydraUITests.xctest; sourceTree = BUILT_PRODUCTS_DIR; };
		BED930D71C947D8900A6CD90 /* FXHydraUITests.swift */ = {isa = PBXFileReference; lastKnownFileType = sourcecode.swift; path = FXHydraUITests.swift; sourceTree = "<group>"; };
		BED930D91C947D8900A6CD90 /* Info.plist */ = {isa = PBXFileReference; lastKnownFileType = text.plist.xml; path = Info.plist; sourceTree = "<group>"; };
		BED930F71C94C1D000A6CD90 /* FXDatabaseService.swift */ = {isa = PBXFileReference; fileEncoding = 4; lastKnownFileType = sourcecode.swift; path = FXDatabaseService.swift; sourceTree = "<group>"; };
		BED930FA1C94C2DA00A6CD90 /* XCGLogger.swift */ = {isa = PBXFileReference; fileEncoding = 4; lastKnownFileType = sourcecode.swift; name = XCGLogger.swift; path = FXHydra/XCGLogger.swift; sourceTree = "<group>"; };
		BED930FC1C94C38900A6CD90 /* FXInterfaceService.swift */ = {isa = PBXFileReference; fileEncoding = 4; lastKnownFileType = sourcecode.swift; path = FXInterfaceService.swift; sourceTree = "<group>"; };
		BED930FF1C94C43400A6CD90 /* FXAuthController.swift */ = {isa = PBXFileReference; fileEncoding = 4; lastKnownFileType = sourcecode.swift; path = FXAuthController.swift; sourceTree = "<group>"; };
		BED931011C94C4EA00A6CD90 /* moments.mp4 */ = {isa = PBXFileReference; lastKnownFileType = file; path = moments.mp4; sourceTree = "<group>"; };
		BED931051C94C65A00A6CD90 /* VideoCutter.swift */ = {isa = PBXFileReference; fileEncoding = 4; lastKnownFileType = sourcecode.swift; path = VideoCutter.swift; sourceTree = "<group>"; };
		BED931061C94C65A00A6CD90 /* VideoSplashViewController.swift */ = {isa = PBXFileReference; fileEncoding = 4; lastKnownFileType = sourcecode.swift; path = VideoSplashViewController.swift; sourceTree = "<group>"; };
		BED931091C94CDAC00A6CD90 /* FXSignal.swift */ = {isa = PBXFileReference; fileEncoding = 4; lastKnownFileType = sourcecode.swift; path = FXSignal.swift; sourceTree = "<group>"; };
		BED9310C1C94CDD900A6CD90 /* FXSignalsService.swift */ = {isa = PBXFileReference; fileEncoding = 4; lastKnownFileType = sourcecode.swift; path = FXSignalsService.swift; sourceTree = "<group>"; };
		BED9310E1C95ADA600A6CD90 /* SSASideMenu.swift */ = {isa = PBXFileReference; fileEncoding = 4; lastKnownFileType = sourcecode.swift; path = SSASideMenu.swift; sourceTree = "<group>"; };
		BEF90A6A1C9CA2EB00ECFF3F /* FXNavigationController.swift */ = {isa = PBXFileReference; fileEncoding = 4; lastKnownFileType = sourcecode.swift; path = FXNavigationController.swift; sourceTree = "<group>"; };
		BEF90A701C9CA34A00ECFF3F /* FXAllAudiosController.swift */ = {isa = PBXFileReference; fileEncoding = 4; lastKnownFileType = sourcecode.swift; path = FXAllAudiosController.swift; sourceTree = "<group>"; };
		BEF90A721C9CA35500ECFF3F /* FXDownloadsController.swift */ = {isa = PBXFileReference; fileEncoding = 4; lastKnownFileType = sourcecode.swift; path = FXDownloadsController.swift; sourceTree = "<group>"; };
		BEF90A741C9CA36000ECFF3F /* FXSettingsController.swift */ = {isa = PBXFileReference; fileEncoding = 4; lastKnownFileType = sourcecode.swift; path = FXSettingsController.swift; sourceTree = "<group>"; };
		BEF90A761C9CA36E00ECFF3F /* FXPlayerController.swift */ = {isa = PBXFileReference; fileEncoding = 4; lastKnownFileType = sourcecode.swift; path = FXPlayerController.swift; sourceTree = "<group>"; };
		BEF90A7B1C9CA37F00ECFF3F /* FXAllAudiosViewModel.swift */ = {isa = PBXFileReference; fileEncoding = 4; lastKnownFileType = sourcecode.swift; path = FXAllAudiosViewModel.swift; sourceTree = "<group>"; };
		BEF90A7D1C9CA37F00ECFF3F /* FXDownloadsViewModel.swift */ = {isa = PBXFileReference; fileEncoding = 4; lastKnownFileType = sourcecode.swift; path = FXDownloadsViewModel.swift; sourceTree = "<group>"; };
		BEF90A7F1C9CA37F00ECFF3F /* FXSettingsViewModel.swift */ = {isa = PBXFileReference; fileEncoding = 4; lastKnownFileType = sourcecode.swift; path = FXSettingsViewModel.swift; sourceTree = "<group>"; };
		BEF90A811C9CA37F00ECFF3F /* FXPlayerViewModel.swift */ = {isa = PBXFileReference; fileEncoding = 4; lastKnownFileType = sourcecode.swift; path = FXPlayerViewModel.swift; sourceTree = "<group>"; };
		BEF90A841C9CA37F00ECFF3F /* FXLocalized.swift */ = {isa = PBXFileReference; fileEncoding = 4; lastKnownFileType = sourcecode.swift; path = FXLocalized.swift; sourceTree = "<group>"; };
		BEF90A861C9CA37F00ECFF3F /* FXTabBarController.swift */ = {isa = PBXFileReference; fileEncoding = 4; lastKnownFileType = sourcecode.swift; path = FXTabBarController.swift; sourceTree = "<group>"; };
		BEF90A881C9CA37F00ECFF3F /* FXPlayerService.swift */ = {isa = PBXFileReference; fileEncoding = 4; lastKnownFileType = sourcecode.swift; path = FXPlayerService.swift; sourceTree = "<group>"; };
		F318777276F6853B46AA3AF9 /* Pods_FXHydra.framework */ = {isa = PBXFileReference; explicitFileType = wrapper.framework; includeInIndex = 0; path = Pods_FXHydra.framework; sourceTree = BUILT_PRODUCTS_DIR; };
/* End PBXFileReference section */

/* Begin PBXFrameworksBuildPhase section */
		BED930B11C947D8900A6CD90 /* Frameworks */ = {
			isa = PBXFrameworksBuildPhase;
			buildActionMask = 2147483647;
			files = (
				D8265D96858E918B3EFFFB26 /* Pods_FXHydra.framework in Frameworks */,
			);
			runOnlyForDeploymentPostprocessing = 0;
		};
		BED930C51C947D8900A6CD90 /* Frameworks */ = {
			isa = PBXFrameworksBuildPhase;
			buildActionMask = 2147483647;
			files = (
			);
			runOnlyForDeploymentPostprocessing = 0;
		};
		BED930D01C947D8900A6CD90 /* Frameworks */ = {
			isa = PBXFrameworksBuildPhase;
			buildActionMask = 2147483647;
			files = (
			);
			runOnlyForDeploymentPostprocessing = 0;
		};
/* End PBXFrameworksBuildPhase section */

/* Begin PBXGroup section */
		5895FCEBAA2DA2BF0B2B533A /* Pods */ = {
			isa = PBXGroup;
			children = (
				04912E3B69CF04D4A8762929 /* Pods-FXHydra.debug.xcconfig */,
				2EEA67849E34ED48E7F4FE24 /* Pods-FXHydra.release.xcconfig */,
			);
			name = Pods;
			sourceTree = "<group>";
		};
		BE70F3701C996FCA00300696 /* Playlists */ = {
			isa = PBXGroup;
			children = (
				BE70F3711C9970D900300696 /* Cells */,
				BE70F3721C9970EE00300696 /* FXPlaylistsController.swift */,
				BE70F3741C99710A00300696 /* FXPlaylistsViewModel.swift */,
			);
			name = Playlists;
			sourceTree = "<group>";
		};
		BE70F3711C9970D900300696 /* Cells */ = {
			isa = PBXGroup;
			children = (
			);
			name = Cells;
			sourceTree = "<group>";
		};
		BED930AB1C947D8900A6CD90 = {
			isa = PBXGroup;
			children = (
				BED930EC1C9491B600A6CD90 /* External */,
				BED930B61C947D8900A6CD90 /* FXHydra */,
				BED930CB1C947D8900A6CD90 /* FXHydraTests */,
				BED930D61C947D8900A6CD90 /* FXHydraUITests */,
				BED930B51C947D8900A6CD90 /* Products */,
				5895FCEBAA2DA2BF0B2B533A /* Pods */,
				CFAD6963EF1E4F840F554415 /* Frameworks */,
			);
			sourceTree = "<group>";
		};
		BED930B51C947D8900A6CD90 /* Products */ = {
			isa = PBXGroup;
			children = (
				BED930B41C947D8900A6CD90 /* FXHydra.app */,
				BED930C81C947D8900A6CD90 /* FXHydraTests.xctest */,
				BED930D31C947D8900A6CD90 /* FXHydraUITests.xctest */,
			);
			name = Products;
			sourceTree = "<group>";
		};
		BED930B61C947D8900A6CD90 /* FXHydra */ = {
			isa = PBXGroup;
			children = (
				BED930EE1C9491F100A6CD90 /* Application */,
				BED930F01C9491FE00A6CD90 /* User Interface */,
				BED930F11C94920700A6CD90 /* Elements */,
				BED930EF1C9491FA00A6CD90 /* Core */,
			);
			path = FXHydra;
			sourceTree = "<group>";
		};
		BED930CB1C947D8900A6CD90 /* FXHydraTests */ = {
			isa = PBXGroup;
			children = (
				BED930CC1C947D8900A6CD90 /* FXHydraTests.swift */,
				BED930CE1C947D8900A6CD90 /* Info.plist */,
			);
			path = FXHydraTests;
			sourceTree = "<group>";
		};
		BED930D61C947D8900A6CD90 /* FXHydraUITests */ = {
			isa = PBXGroup;
			children = (
				BED930D71C947D8900A6CD90 /* FXHydraUITests.swift */,
				BED930D91C947D8900A6CD90 /* Info.plist */,
			);
			path = FXHydraUITests;
			sourceTree = "<group>";
		};
		BED930EC1C9491B600A6CD90 /* External */ = {
			isa = PBXGroup;
			children = (
				BE70F36D1C99669A00300696 /* MarqueeLabel.h */,
				BE70F36E1C99669A00300696 /* MarqueeLabel.m */,
				BE4521FB1C995C6700B8A391 /* dispatch.swift */,
				BED9310E1C95ADA600A6CD90 /* SSASideMenu.swift */,
				BED931091C94CDAC00A6CD90 /* FXSignal.swift */,
				BE70F36A1C99669100300696 /* AttributedLabel.swift */,
				BE4521F71C995C1800B8A391 /* SwiftyJSON.swift */,
				BED931041C94C65000A6CD90 /* VideoController */,
				BED930FA1C94C2DA00A6CD90 /* XCGLogger.swift */,
				BE70F36C1C99669900300696 /* FXHydra-Bridging-Header.h */,
			);
			name = External;
			sourceTree = "<group>";
		};
		BED930EE1C9491F100A6CD90 /* Application */ = {
			isa = PBXGroup;
			children = (
				BED931021C94C4EF00A6CD90 /* Resourses */,
				BED930C31C947D8900A6CD90 /* Info.plist */,
				BED930C01C947D8900A6CD90 /* LaunchScreen.storyboard */,
				BED930BE1C947D8900A6CD90 /* Assets.xcassets */,
				BED930B71C947D8900A6CD90 /* AppDelegate.swift */,
			);
			name = Application;
			sourceTree = "<group>";
		};
		BED930EF1C9491FA00A6CD90 /* Core */ = {
			isa = PBXGroup;
			children = (
				BEF90A831C9CA37F00ECFF3F /* Utils */,
				BED930F61C94C1C100A6CD90 /* Database */,
				BED930F41C94937300A6CD90 /* Services */,
				BED930F31C94936F00A6CD90 /* Network */,
				BED930F21C94936A00A6CD90 /* Models */,
			);
			name = Core;
			sourceTree = "<group>";
		};
		BED930F01C9491FE00A6CD90 /* User Interface */ = {
			isa = PBXGroup;
			children = (
				BED930FE1C94C42400A6CD90 /* Auth */,
				BEF90A6C1C9CA31100ECFF3F /* Audios */,
				BEF90A6D1C9CA31600ECFF3F /* Downloads */,
				BE70F3701C996FCA00300696 /* Playlists */,
				BEF90A6E1C9CA31B00ECFF3F /* Settings */,
				BEF90A6F1C9CA32000ECFF3F /* Player */,
			);
			name = "User Interface";
			sourceTree = "<group>";
		};
		BED930F11C94920700A6CD90 /* Elements */ = {
			isa = PBXGroup;
			children = (
				BEF90A6A1C9CA2EB00ECFF3F /* FXNavigationController.swift */,
				BEF90A861C9CA37F00ECFF3F /* FXTabBarController.swift */,
			);
			name = Elements;
			sourceTree = "<group>";
		};
		BED930F21C94936A00A6CD90 /* Models */ = {
			isa = PBXGroup;
			children = (
				BE4521F51C995BDB00B8A391 /* FXAudioItemModel.swift */,
			);
			name = Models;
			sourceTree = "<group>";
		};
		BED930F31C94936F00A6CD90 /* Network */ = {
			isa = PBXGroup;
			children = (
				BE4521F91C995C6700B8A391 /* FXApiManager.swift */,
			);
			name = Network;
			sourceTree = "<group>";
		};
		BED930F41C94937300A6CD90 /* Services */ = {
			isa = PBXGroup;
			children = (
				BED930FC1C94C38900A6CD90 /* FXInterfaceService.swift */,
				BED9310C1C94CDD900A6CD90 /* FXSignalsService.swift */,
				BEF90A881C9CA37F00ECFF3F /* FXPlayerService.swift */,
			);
			name = Services;
			sourceTree = "<group>";
		};
		BED930F61C94C1C100A6CD90 /* Database */ = {
			isa = PBXGroup;
			children = (
				BED930F71C94C1D000A6CD90 /* FXDatabaseService.swift */,
			);
			name = Database;
			sourceTree = "<group>";
		};
		BED930FE1C94C42400A6CD90 /* Auth */ = {
			isa = PBXGroup;
			children = (
				BED930FF1C94C43400A6CD90 /* FXAuthController.swift */,
			);
			name = Auth;
			sourceTree = "<group>";
		};
		BED931021C94C4EF00A6CD90 /* Resourses */ = {
			isa = PBXGroup;
			children = (
				BED931011C94C4EA00A6CD90 /* moments.mp4 */,
			);
			name = Resourses;
			sourceTree = "<group>";
		};
		BED931041C94C65000A6CD90 /* VideoController */ = {
			isa = PBXGroup;
			children = (
				BED931051C94C65A00A6CD90 /* VideoCutter.swift */,
				BED931061C94C65A00A6CD90 /* VideoSplashViewController.swift */,
			);
			name = VideoController;
			sourceTree = "<group>";
		};
		BEF90A6C1C9CA31100ECFF3F /* Audios */ = {
			isa = PBXGroup;
			children = (
				BEF90A781C9CA37800ECFF3F /* Cells */,
				BEF90A701C9CA34A00ECFF3F /* FXAllAudiosController.swift */,
				BEF90A7B1C9CA37F00ECFF3F /* FXAllAudiosViewModel.swift */,
			);
			name = Audios;
			sourceTree = "<group>";
		};
		BEF90A6D1C9CA31600ECFF3F /* Downloads */ = {
			isa = PBXGroup;
			children = (
				BEF90A791C9CA37B00ECFF3F /* Cells */,
				BEF90A721C9CA35500ECFF3F /* FXDownloadsController.swift */,
				BEF90A7D1C9CA37F00ECFF3F /* FXDownloadsViewModel.swift */,
			);
			name = Downloads;
			sourceTree = "<group>";
		};
		BEF90A6E1C9CA31B00ECFF3F /* Settings */ = {
			isa = PBXGroup;
			children = (
				BEF90A7A1C9CA37F00ECFF3F /* Cells */,
				BEF90A741C9CA36000ECFF3F /* FXSettingsController.swift */,
				BEF90A7F1C9CA37F00ECFF3F /* FXSettingsViewModel.swift */,
			);
			name = Settings;
			sourceTree = "<group>";
		};
		BEF90A6F1C9CA32000ECFF3F /* Player */ = {
			isa = PBXGroup;
			children = (
				BEF90A761C9CA36E00ECFF3F /* FXPlayerController.swift */,
				BEF90A811C9CA37F00ECFF3F /* FXPlayerViewModel.swift */,
			);
			name = Player;
			sourceTree = "<group>";
		};
		BEF90A781C9CA37800ECFF3F /* Cells */ = {
			isa = PBXGroup;
			children = (
				BE70F3681C96201A00300696 /* FXDefaultMusicCell.swift */,
			);
			name = Cells;
			sourceTree = "<group>";
		};
		BEF90A791C9CA37B00ECFF3F /* Cells */ = {
			isa = PBXGroup;
			children = (
			);
			name = Cells;
			sourceTree = "<group>";
		};
		BEF90A7A1C9CA37F00ECFF3F /* Cells */ = {
			isa = PBXGroup;
			children = (
			);
			name = Cells;
			sourceTree = "<group>";
		};
		BEF90A831C9CA37F00ECFF3F /* Utils */ = {
			isa = PBXGroup;
			children = (
				BEF90A841C9CA37F00ECFF3F /* FXLocalized.swift */,
			);
			name = Utils;
			sourceTree = "<group>";
		};
		CFAD6963EF1E4F840F554415 /* Frameworks */ = {
			isa = PBXGroup;
			children = (
				F318777276F6853B46AA3AF9 /* Pods_FXHydra.framework */,
			);
			name = Frameworks;
			sourceTree = "<group>";
		};
/* End PBXGroup section */

/* Begin PBXNativeTarget section */
		BED930B31C947D8900A6CD90 /* FXHydra */ = {
			isa = PBXNativeTarget;
			buildConfigurationList = BED930DC1C947D8900A6CD90 /* Build configuration list for PBXNativeTarget "FXHydra" */;
			buildPhases = (
				C92DE2024BAD1F499E67DF42 /* Check Pods Manifest.lock */,
				BED930B01C947D8900A6CD90 /* Sources */,
				BED930B11C947D8900A6CD90 /* Frameworks */,
				BED930B21C947D8900A6CD90 /* Resources */,
				11E9F9A759842EA289D744B3 /* Embed Pods Frameworks */,
				11B49F8684B9F8BBB1D5EB08 /* Copy Pods Resources */,
				BED930E51C94802600A6CD90 /* Auto-increment build */,
			);
			buildRules = (
			);
			dependencies = (
			);
			name = FXHydra;
			productName = FXHydra;
			productReference = BED930B41C947D8900A6CD90 /* FXHydra.app */;
			productType = "com.apple.product-type.application";
		};
		BED930C71C947D8900A6CD90 /* FXHydraTests */ = {
			isa = PBXNativeTarget;
			buildConfigurationList = BED930DF1C947D8900A6CD90 /* Build configuration list for PBXNativeTarget "FXHydraTests" */;
			buildPhases = (
				BED930C41C947D8900A6CD90 /* Sources */,
				BED930C51C947D8900A6CD90 /* Frameworks */,
				BED930C61C947D8900A6CD90 /* Resources */,
			);
			buildRules = (
			);
			dependencies = (
				BED930CA1C947D8900A6CD90 /* PBXTargetDependency */,
			);
			name = FXHydraTests;
			productName = FXHydraTests;
			productReference = BED930C81C947D8900A6CD90 /* FXHydraTests.xctest */;
			productType = "com.apple.product-type.bundle.unit-test";
		};
		BED930D21C947D8900A6CD90 /* FXHydraUITests */ = {
			isa = PBXNativeTarget;
			buildConfigurationList = BED930E21C947D8900A6CD90 /* Build configuration list for PBXNativeTarget "FXHydraUITests" */;
			buildPhases = (
				BED930CF1C947D8900A6CD90 /* Sources */,
				BED930D01C947D8900A6CD90 /* Frameworks */,
				BED930D11C947D8900A6CD90 /* Resources */,
			);
			buildRules = (
			);
			dependencies = (
				BED930D51C947D8900A6CD90 /* PBXTargetDependency */,
			);
			name = FXHydraUITests;
			productName = FXHydraUITests;
			productReference = BED930D31C947D8900A6CD90 /* FXHydraUITests.xctest */;
			productType = "com.apple.product-type.bundle.ui-testing";
		};
/* End PBXNativeTarget section */

/* Begin PBXProject section */
		BED930AC1C947D8900A6CD90 /* Project object */ = {
			isa = PBXProject;
			attributes = {
				CLASSPREFIX = FX;
				LastSwiftUpdateCheck = 0720;
				LastUpgradeCheck = 0720;
				ORGANIZATIONNAME = FXSolutions;
				TargetAttributes = {
					BED930B31C947D8900A6CD90 = {
						CreatedOnToolsVersion = 7.2.1;
						SystemCapabilities = {
							com.apple.BackgroundModes = {
								enabled = 1;
							};
						};
					};
					BED930C71C947D8900A6CD90 = {
						CreatedOnToolsVersion = 7.2.1;
						TestTargetID = BED930B31C947D8900A6CD90;
					};
					BED930D21C947D8900A6CD90 = {
						CreatedOnToolsVersion = 7.2.1;
						TestTargetID = BED930B31C947D8900A6CD90;
					};
				};
			};
			buildConfigurationList = BED930AF1C947D8900A6CD90 /* Build configuration list for PBXProject "FXHydra" */;
			compatibilityVersion = "Xcode 3.2";
			developmentRegion = English;
			hasScannedForEncodings = 0;
			knownRegions = (
				en,
				Base,
			);
			mainGroup = BED930AB1C947D8900A6CD90;
			productRefGroup = BED930B51C947D8900A6CD90 /* Products */;
			projectDirPath = "";
			projectRoot = "";
			targets = (
				BED930B31C947D8900A6CD90 /* FXHydra */,
				BED930C71C947D8900A6CD90 /* FXHydraTests */,
				BED930D21C947D8900A6CD90 /* FXHydraUITests */,
			);
		};
/* End PBXProject section */

/* Begin PBXResourcesBuildPhase section */
		BED930B21C947D8900A6CD90 /* Resources */ = {
			isa = PBXResourcesBuildPhase;
			buildActionMask = 2147483647;
			files = (
				BED931031C94C50600A6CD90 /* moments.mp4 in Resources */,
				BED930C21C947D8900A6CD90 /* LaunchScreen.storyboard in Resources */,
				BED930BF1C947D8900A6CD90 /* Assets.xcassets in Resources */,
			);
			runOnlyForDeploymentPostprocessing = 0;
		};
		BED930C61C947D8900A6CD90 /* Resources */ = {
			isa = PBXResourcesBuildPhase;
			buildActionMask = 2147483647;
			files = (
			);
			runOnlyForDeploymentPostprocessing = 0;
		};
		BED930D11C947D8900A6CD90 /* Resources */ = {
			isa = PBXResourcesBuildPhase;
			buildActionMask = 2147483647;
			files = (
			);
			runOnlyForDeploymentPostprocessing = 0;
		};
/* End PBXResourcesBuildPhase section */

/* Begin PBXShellScriptBuildPhase section */
		11B49F8684B9F8BBB1D5EB08 /* Copy Pods Resources */ = {
			isa = PBXShellScriptBuildPhase;
			buildActionMask = 2147483647;
			files = (
			);
			inputPaths = (
			);
			name = "Copy Pods Resources";
			outputPaths = (
			);
			runOnlyForDeploymentPostprocessing = 0;
			shellPath = /bin/sh;
			shellScript = "\"${SRCROOT}/Pods/Target Support Files/Pods-FXHydra/Pods-FXHydra-resources.sh\"\n";
			showEnvVarsInLog = 0;
		};
		11E9F9A759842EA289D744B3 /* Embed Pods Frameworks */ = {
			isa = PBXShellScriptBuildPhase;
			buildActionMask = 2147483647;
			files = (
			);
			inputPaths = (
			);
			name = "Embed Pods Frameworks";
			outputPaths = (
			);
			runOnlyForDeploymentPostprocessing = 0;
			shellPath = /bin/sh;
			shellScript = "\"${SRCROOT}/Pods/Target Support Files/Pods-FXHydra/Pods-FXHydra-frameworks.sh\"\n";
			showEnvVarsInLog = 0;
		};
		BED930E51C94802600A6CD90 /* Auto-increment build */ = {
			isa = PBXShellScriptBuildPhase;
			buildActionMask = 2147483647;
			files = (
			);
			inputPaths = (
			);
			name = "Auto-increment build";
			outputPaths = (
			);
			runOnlyForDeploymentPostprocessing = 0;
			shellPath = /bin/sh;
			shellScript = "buildNumber=$(/usr/libexec/PlistBuddy -c \"Print CFBundleVersion\" \"${PROJECT_DIR}/${INFOPLIST_FILE}\")\nbuildNumber=$(($buildNumber + 1))\n/usr/libexec/PlistBuddy -c \"Set :CFBundleVersion $buildNumber\" \"${PROJECT_DIR}/${INFOPLIST_FILE}\"";
		};
		C92DE2024BAD1F499E67DF42 /* Check Pods Manifest.lock */ = {
			isa = PBXShellScriptBuildPhase;
			buildActionMask = 2147483647;
			files = (
			);
			inputPaths = (
			);
			name = "Check Pods Manifest.lock";
			outputPaths = (
			);
			runOnlyForDeploymentPostprocessing = 0;
			shellPath = /bin/sh;
			shellScript = "diff \"${PODS_ROOT}/../Podfile.lock\" \"${PODS_ROOT}/Manifest.lock\" > /dev/null\nif [[ $? != 0 ]] ; then\n    cat << EOM\nerror: The sandbox is not in sync with the Podfile.lock. Run 'pod install' or update your CocoaPods installation.\nEOM\n    exit 1\nfi\n";
			showEnvVarsInLog = 0;
		};
/* End PBXShellScriptBuildPhase section */

/* Begin PBXSourcesBuildPhase section */
		BED930B01C947D8900A6CD90 /* Sources */ = {
			isa = PBXSourcesBuildPhase;
			buildActionMask = 2147483647;
			files = (
				BED9310D1C94CDD900A6CD90 /* FXSignalsService.swift in Sources */,
				BE70F3731C9970EE00300696 /* FXPlaylistsController.swift in Sources */,
				BEF90A821C9CA37F00ECFF3F /* FXPlayerViewModel.swift in Sources */,
				BE70F36F1C99669A00300696 /* MarqueeLabel.m in Sources */,
				BED931071C94C65A00A6CD90 /* VideoCutter.swift in Sources */,
				BED930FB1C94C2DA00A6CD90 /* XCGLogger.swift in Sources */,
				BE70F36B1C99669100300696 /* AttributedLabel.swift in Sources */,
				BE4521F81C995C1800B8A391 /* SwiftyJSON.swift in Sources */,
				BED9310F1C95ADA600A6CD90 /* SSASideMenu.swift in Sources */,
				BEF90A891C9CA37F00ECFF3F /* FXPlayerService.swift in Sources */,
				BED9310A1C94CDAC00A6CD90 /* FXSignal.swift in Sources */,
				BEF90A771C9CA36E00ECFF3F /* FXPlayerController.swift in Sources */,
				BE70F3751C99710A00300696 /* FXPlaylistsViewModel.swift in Sources */,
				BEF90A711C9CA34A00ECFF3F /* FXAllAudiosController.swift in Sources */,
				BED931081C94C65A00A6CD90 /* VideoSplashViewController.swift in Sources */,
				BE70F3691C96201A00300696 /* FXDefaultMusicCell.swift in Sources */,
				BEF90A7E1C9CA37F00ECFF3F /* FXDownloadsViewModel.swift in Sources */,
				BEF90A871C9CA37F00ECFF3F /* FXTabBarController.swift in Sources */,
				BEF90A7C1C9CA37F00ECFF3F /* FXAllAudiosViewModel.swift in Sources */,
				BEF90A751C9CA36000ECFF3F /* FXSettingsController.swift in Sources */,
				BE4521FC1C995C6700B8A391 /* dispatch.swift in Sources */,
				BED931001C94C43500A6CD90 /* FXAuthController.swift in Sources */,
				BE4521F61C995BDB00B8A391 /* FXAudioItemModel.swift in Sources */,
				BEF90A801C9CA37F00ECFF3F /* FXSettingsViewModel.swift in Sources */,
				BEF90A851C9CA37F00ECFF3F /* FXLocalized.swift in Sources */,
				BED930F81C94C1D000A6CD90 /* FXDatabaseService.swift in Sources */,
				BEF90A731C9CA35500ECFF3F /* FXDownloadsController.swift in Sources */,
				BED930B81C947D8900A6CD90 /* AppDelegate.swift in Sources */,
				BE4521FA1C995C6700B8A391 /* FXApiManager.swift in Sources */,
				BEF90A6B1C9CA2EB00ECFF3F /* FXNavigationController.swift in Sources */,
				BED930FD1C94C38900A6CD90 /* FXInterfaceService.swift in Sources */,
			);
			runOnlyForDeploymentPostprocessing = 0;
		};
		BED930C41C947D8900A6CD90 /* Sources */ = {
			isa = PBXSourcesBuildPhase;
			buildActionMask = 2147483647;
			files = (
				BED930CD1C947D8900A6CD90 /* FXHydraTests.swift in Sources */,
			);
			runOnlyForDeploymentPostprocessing = 0;
		};
		BED930CF1C947D8900A6CD90 /* Sources */ = {
			isa = PBXSourcesBuildPhase;
			buildActionMask = 2147483647;
			files = (
				BED930D81C947D8900A6CD90 /* FXHydraUITests.swift in Sources */,
			);
			runOnlyForDeploymentPostprocessing = 0;
		};
/* End PBXSourcesBuildPhase section */

/* Begin PBXTargetDependency section */
		BED930CA1C947D8900A6CD90 /* PBXTargetDependency */ = {
			isa = PBXTargetDependency;
			target = BED930B31C947D8900A6CD90 /* FXHydra */;
			targetProxy = BED930C91C947D8900A6CD90 /* PBXContainerItemProxy */;
		};
		BED930D51C947D8900A6CD90 /* PBXTargetDependency */ = {
			isa = PBXTargetDependency;
			target = BED930B31C947D8900A6CD90 /* FXHydra */;
			targetProxy = BED930D41C947D8900A6CD90 /* PBXContainerItemProxy */;
		};
/* End PBXTargetDependency section */

/* Begin PBXVariantGroup section */
		BED930C01C947D8900A6CD90 /* LaunchScreen.storyboard */ = {
			isa = PBXVariantGroup;
			children = (
				BED930C11C947D8900A6CD90 /* Base */,
			);
			name = LaunchScreen.storyboard;
			sourceTree = "<group>";
		};
/* End PBXVariantGroup section */

/* Begin XCBuildConfiguration section */
		BED930DA1C947D8900A6CD90 /* Debug */ = {
			isa = XCBuildConfiguration;
			buildSettings = {
				ALWAYS_SEARCH_USER_PATHS = NO;
				CLANG_CXX_LANGUAGE_STANDARD = "gnu++0x";
				CLANG_CXX_LIBRARY = "libc++";
				CLANG_ENABLE_MODULES = YES;
				CLANG_ENABLE_OBJC_ARC = YES;
				CLANG_WARN_BOOL_CONVERSION = YES;
				CLANG_WARN_CONSTANT_CONVERSION = YES;
				CLANG_WARN_DIRECT_OBJC_ISA_USAGE = YES_ERROR;
				CLANG_WARN_EMPTY_BODY = YES;
				CLANG_WARN_ENUM_CONVERSION = YES;
				CLANG_WARN_INT_CONVERSION = YES;
				CLANG_WARN_OBJC_ROOT_CLASS = YES_ERROR;
				CLANG_WARN_UNREACHABLE_CODE = YES;
				CLANG_WARN__DUPLICATE_METHOD_MATCH = YES;
				"CODE_SIGN_IDENTITY[sdk=iphoneos*]" = "iPhone Developer";
				COPY_PHASE_STRIP = NO;
				DEBUG_INFORMATION_FORMAT = dwarf;
				ENABLE_STRICT_OBJC_MSGSEND = YES;
				ENABLE_TESTABILITY = YES;
				GCC_C_LANGUAGE_STANDARD = gnu99;
				GCC_DYNAMIC_NO_PIC = NO;
				GCC_NO_COMMON_BLOCKS = YES;
				GCC_OPTIMIZATION_LEVEL = 0;
				GCC_PREPROCESSOR_DEFINITIONS = (
					"DEBUG=1",
					"$(inherited)",
				);
				GCC_WARN_64_TO_32_BIT_CONVERSION = YES;
				GCC_WARN_ABOUT_RETURN_TYPE = YES_ERROR;
				GCC_WARN_UNDECLARED_SELECTOR = YES;
				GCC_WARN_UNINITIALIZED_AUTOS = YES_AGGRESSIVE;
				GCC_WARN_UNUSED_FUNCTION = YES;
				GCC_WARN_UNUSED_VARIABLE = YES;
				IPHONEOS_DEPLOYMENT_TARGET = 9.2;
				MTL_ENABLE_DEBUG_INFO = YES;
				ONLY_ACTIVE_ARCH = YES;
				SDKROOT = iphoneos;
				SWIFT_OPTIMIZATION_LEVEL = "-Onone";
			};
			name = Debug;
		};
		BED930DB1C947D8900A6CD90 /* Release */ = {
			isa = XCBuildConfiguration;
			buildSettings = {
				ALWAYS_SEARCH_USER_PATHS = NO;
				CLANG_CXX_LANGUAGE_STANDARD = "gnu++0x";
				CLANG_CXX_LIBRARY = "libc++";
				CLANG_ENABLE_MODULES = YES;
				CLANG_ENABLE_OBJC_ARC = YES;
				CLANG_WARN_BOOL_CONVERSION = YES;
				CLANG_WARN_CONSTANT_CONVERSION = YES;
				CLANG_WARN_DIRECT_OBJC_ISA_USAGE = YES_ERROR;
				CLANG_WARN_EMPTY_BODY = YES;
				CLANG_WARN_ENUM_CONVERSION = YES;
				CLANG_WARN_INT_CONVERSION = YES;
				CLANG_WARN_OBJC_ROOT_CLASS = YES_ERROR;
				CLANG_WARN_UNREACHABLE_CODE = YES;
				CLANG_WARN__DUPLICATE_METHOD_MATCH = YES;
				"CODE_SIGN_IDENTITY[sdk=iphoneos*]" = "iPhone Developer";
				COPY_PHASE_STRIP = NO;
				DEBUG_INFORMATION_FORMAT = "dwarf-with-dsym";
				ENABLE_NS_ASSERTIONS = NO;
				ENABLE_STRICT_OBJC_MSGSEND = YES;
				GCC_C_LANGUAGE_STANDARD = gnu99;
				GCC_NO_COMMON_BLOCKS = YES;
				GCC_WARN_64_TO_32_BIT_CONVERSION = YES;
				GCC_WARN_ABOUT_RETURN_TYPE = YES_ERROR;
				GCC_WARN_UNDECLARED_SELECTOR = YES;
				GCC_WARN_UNINITIALIZED_AUTOS = YES_AGGRESSIVE;
				GCC_WARN_UNUSED_FUNCTION = YES;
				GCC_WARN_UNUSED_VARIABLE = YES;
				IPHONEOS_DEPLOYMENT_TARGET = 9.2;
				MTL_ENABLE_DEBUG_INFO = NO;
				SDKROOT = iphoneos;
				VALIDATE_PRODUCT = YES;
			};
			name = Release;
		};
		BED930DD1C947D8900A6CD90 /* Debug */ = {
			isa = XCBuildConfiguration;
			baseConfigurationReference = 04912E3B69CF04D4A8762929 /* Pods-FXHydra.debug.xcconfig */;
			buildSettings = {
				ASSETCATALOG_COMPILER_APPICON_NAME = AppIcon;
				CLANG_ENABLE_MODULES = YES;
				INFOPLIST_FILE = FXHydra/Info.plist;
				IPHONEOS_DEPLOYMENT_TARGET = 8.0;
				LD_RUNPATH_SEARCH_PATHS = "$(inherited) @executable_path/Frameworks";
				PRODUCT_BUNDLE_IDENTIFIER = com.FXSolutions.FXHydra;
				PRODUCT_NAME = "$(TARGET_NAME)";
				SWIFT_OBJC_BRIDGING_HEADER = "FXHydra-Bridging-Header.h";
				SWIFT_OPTIMIZATION_LEVEL = "-Onone";
			};
			name = Debug;
		};
		BED930DE1C947D8900A6CD90 /* Release */ = {
			isa = XCBuildConfiguration;
			baseConfigurationReference = 2EEA67849E34ED48E7F4FE24 /* Pods-FXHydra.release.xcconfig */;
			buildSettings = {
				ASSETCATALOG_COMPILER_APPICON_NAME = AppIcon;
				CLANG_ENABLE_MODULES = YES;
				INFOPLIST_FILE = FXHydra/Info.plist;
				IPHONEOS_DEPLOYMENT_TARGET = 8.0;
				LD_RUNPATH_SEARCH_PATHS = "$(inherited) @executable_path/Frameworks";
				PRODUCT_BUNDLE_IDENTIFIER = com.FXSolutions.FXHydra;
				PRODUCT_NAME = "$(TARGET_NAME)";
				SWIFT_OBJC_BRIDGING_HEADER = "FXHydra-Bridging-Header.h";
			};
			name = Release;
		};
		BED930E01C947D8900A6CD90 /* Debug */ = {
			isa = XCBuildConfiguration;
			buildSettings = {
				BUNDLE_LOADER = "$(TEST_HOST)";
				INFOPLIST_FILE = FXHydraTests/Info.plist;
				LD_RUNPATH_SEARCH_PATHS = "$(inherited) @executable_path/Frameworks @loader_path/Frameworks";
				PRODUCT_BUNDLE_IDENTIFIER = com.FXSolutions.FXHydraTests;
				PRODUCT_NAME = "$(TARGET_NAME)";
				TEST_HOST = "$(BUILT_PRODUCTS_DIR)/FXHydra.app/FXHydra";
			};
			name = Debug;
		};
		BED930E11C947D8900A6CD90 /* Release */ = {
			isa = XCBuildConfiguration;
			buildSettings = {
				BUNDLE_LOADER = "$(TEST_HOST)";
				INFOPLIST_FILE = FXHydraTests/Info.plist;
				LD_RUNPATH_SEARCH_PATHS = "$(inherited) @executable_path/Frameworks @loader_path/Frameworks";
				PRODUCT_BUNDLE_IDENTIFIER = com.FXSolutions.FXHydraTests;
				PRODUCT_NAME = "$(TARGET_NAME)";
				TEST_HOST = "$(BUILT_PRODUCTS_DIR)/FXHydra.app/FXHydra";
			};
			name = Release;
		};
		BED930E31C947D8900A6CD90 /* Debug */ = {
			isa = XCBuildConfiguration;
			buildSettings = {
				INFOPLIST_FILE = FXHydraUITests/Info.plist;
				LD_RUNPATH_SEARCH_PATHS = "$(inherited) @executable_path/Frameworks @loader_path/Frameworks";
				PRODUCT_BUNDLE_IDENTIFIER = com.FXSolutions.FXHydraUITests;
				PRODUCT_NAME = "$(TARGET_NAME)";
				TEST_TARGET_NAME = FXHydra;
				USES_XCTRUNNER = YES;
			};
			name = Debug;
		};
		BED930E41C947D8900A6CD90 /* Release */ = {
			isa = XCBuildConfiguration;
			buildSettings = {
				INFOPLIST_FILE = FXHydraUITests/Info.plist;
				LD_RUNPATH_SEARCH_PATHS = "$(inherited) @executable_path/Frameworks @loader_path/Frameworks";
				PRODUCT_BUNDLE_IDENTIFIER = com.FXSolutions.FXHydraUITests;
				PRODUCT_NAME = "$(TARGET_NAME)";
				TEST_TARGET_NAME = FXHydra;
				USES_XCTRUNNER = YES;
			};
			name = Release;
		};
/* End XCBuildConfiguration section */

/* Begin XCConfigurationList section */
		BED930AF1C947D8900A6CD90 /* Build configuration list for PBXProject "FXHydra" */ = {
			isa = XCConfigurationList;
			buildConfigurations = (
				BED930DA1C947D8900A6CD90 /* Debug */,
				BED930DB1C947D8900A6CD90 /* Release */,
			);
			defaultConfigurationIsVisible = 0;
			defaultConfigurationName = Release;
		};
		BED930DC1C947D8900A6CD90 /* Build configuration list for PBXNativeTarget "FXHydra" */ = {
			isa = XCConfigurationList;
			buildConfigurations = (
				BED930DD1C947D8900A6CD90 /* Debug */,
				BED930DE1C947D8900A6CD90 /* Release */,
			);
			defaultConfigurationIsVisible = 0;
			defaultConfigurationName = Release;
		};
		BED930DF1C947D8900A6CD90 /* Build configuration list for PBXNativeTarget "FXHydraTests" */ = {
			isa = XCConfigurationList;
			buildConfigurations = (
				BED930E01C947D8900A6CD90 /* Debug */,
				BED930E11C947D8900A6CD90 /* Release */,
			);
			defaultConfigurationIsVisible = 0;
			defaultConfigurationName = Release;
		};
		BED930E21C947D8900A6CD90 /* Build configuration list for PBXNativeTarget "FXHydraUITests" */ = {
			isa = XCConfigurationList;
			buildConfigurations = (
				BED930E31C947D8900A6CD90 /* Debug */,
				BED930E41C947D8900A6CD90 /* Release */,
			);
			defaultConfigurationIsVisible = 0;
			defaultConfigurationName = Release;
		};
/* End XCConfigurationList section */
	};
	rootObject = BED930AC1C947D8900A6CD90 /* Project object */;
}
